// !$*UTF8*$!
{
	archiveVersion = 1;
	classes = {
	};
	objectVersion = 46;
	objects = {

/* Begin PBXBuildFile section */
		18061CFC1A93DF950013B79E /* TabBarViewController.m in Sources */ = {isa = PBXBuildFile; fileRef = 18061CFB1A93DF950013B79E /* TabBarViewController.m */; };
		1834554A1A8E7B050041C640 /* libstdc++.6.0.9.dylib in Frameworks */ = {isa = PBXBuildFile; fileRef = 183455491A8E7B050041C640 /* libstdc++.6.0.9.dylib */; };
		1834554C1A8E7B640041C640 /* libsqlite3.0.dylib in Frameworks */ = {isa = PBXBuildFile; fileRef = 1834554B1A8E7B640041C640 /* libsqlite3.0.dylib */; };
		1847AA2F1A8DAA000013F9D1 /* StationDetailViewController.m in Sources */ = {isa = PBXBuildFile; fileRef = 1847AA2E1A8DAA000013F9D1 /* StationDetailViewController.m */; };
		1855593E1A8E76CE00CCDC1C /* Parse.framework in Frameworks */ = {isa = PBXBuildFile; fileRef = 185559391A8E76CE00CCDC1C /* Parse.framework */; };
		1855593F1A8E76CE00CCDC1C /* ParseCrashReporting.framework in Frameworks */ = {isa = PBXBuildFile; fileRef = 1855593A1A8E76CE00CCDC1C /* ParseCrashReporting.framework */; };
		185559401A8E76CE00CCDC1C /* ParseFacebookUtils.framework in Frameworks */ = {isa = PBXBuildFile; fileRef = 1855593B1A8E76CE00CCDC1C /* ParseFacebookUtils.framework */; };
		185559411A8E76CE00CCDC1C /* ParseUI.framework in Frameworks */ = {isa = PBXBuildFile; fileRef = 1855593C1A8E76CE00CCDC1C /* ParseUI.framework */; };
		1887E6001A8E745400136FFC /* libPayPalMobile.a in Frameworks */ = {isa = PBXBuildFile; fileRef = 1887E5F81A8E745400136FFC /* libPayPalMobile.a */; };
		1887E6051A8E754C00136FFC /* FacebookSDK.framework in Frameworks */ = {isa = PBXBuildFile; fileRef = 1887E6021A8E754C00136FFC /* FacebookSDK.framework */; };
		1887E6061A8E754C00136FFC /* FBAudienceNetwork.framework in Frameworks */ = {isa = PBXBuildFile; fileRef = 1887E6031A8E754C00136FFC /* FBAudienceNetwork.framework */; };
		18CBAEF11A8E632F00762576 /* AVFoundation.framework in Frameworks */ = {isa = PBXBuildFile; fileRef = 18CBAEF01A8E632F00762576 /* AVFoundation.framework */; };
		18CBAEF31A8E633F00762576 /* CoreMedia.framework in Frameworks */ = {isa = PBXBuildFile; fileRef = 18CBAEF21A8E633F00762576 /* CoreMedia.framework */; };
		18CBAEF51A8E634600762576 /* MessageUI.framework in Frameworks */ = {isa = PBXBuildFile; fileRef = 18CBAEF41A8E634600762576 /* MessageUI.framework */; };
		18CBAEF71A8E636E00762576 /* libz.dylib in Frameworks */ = {isa = PBXBuildFile; fileRef = 18CBAEF61A8E636E00762576 /* libz.dylib */; };
		18CBAEF91A8E688000762576 /* libxml2.dylib in Frameworks */ = {isa = PBXBuildFile; fileRef = 18CBAEF81A8E688000762576 /* libxml2.dylib */; };
		18D01B4B1A955000006DA8B1 /* FavoritesTableViewController.m in Sources */ = {isa = PBXBuildFile; fileRef = 18D01B4A1A955000006DA8B1 /* FavoritesTableViewController.m */; };
		18D468401A9C352100C554DF /* LittleBitsObject.m in Sources */ = {isa = PBXBuildFile; fileRef = 18D4683F1A9C352100C554DF /* LittleBitsObject.m */; };
		18D64FFE1A97F3EB0079217E /* SpeechKit.framework in Frameworks */ = {isa = PBXBuildFile; fileRef = 18D64FFD1A97F3EB0079217E /* SpeechKit.framework */; };
		18E6E4311A96FE0B00FA4174 /* AnalyticsViewController.m in Sources */ = {isa = PBXBuildFile; fileRef = 18E6E4301A96FE0B00FA4174 /* AnalyticsViewController.m */; };
		18E6E4341A970D0700FA4174 /* CurrentUserViewController.m in Sources */ = {isa = PBXBuildFile; fileRef = 18E6E4331A970D0700FA4174 /* CurrentUserViewController.m */; };
		18E6E4371A970E7E00FA4174 /* OwnerPaymentsViewController.m in Sources */ = {isa = PBXBuildFile; fileRef = 18E6E4361A970E7E00FA4174 /* OwnerPaymentsViewController.m */; };
		18F0676D1A92A7CE0070B346 /* FindLocationOnMapViewController.m in Sources */ = {isa = PBXBuildFile; fileRef = 18F0676C1A92A7CE0070B346 /* FindLocationOnMapViewController.m */; };
		626FD7EC1A8D6D000087911F /* MapKit.framework in Frameworks */ = {isa = PBXBuildFile; fileRef = 626FD7EB1A8D6D000087911F /* MapKit.framework */; };
		626FD7EF1A8D6F590087911F /* ChargingStation.m in Sources */ = {isa = PBXBuildFile; fileRef = 626FD7EE1A8D6F590087911F /* ChargingStation.m */; };
		626FD7F21A8D6F760087911F /* CustomAnnotation.m in Sources */ = {isa = PBXBuildFile; fileRef = 626FD7F11A8D6F760087911F /* CustomAnnotation.m */; };
		626FD7F51A8EE6370087911F /* Car.m in Sources */ = {isa = PBXBuildFile; fileRef = 626FD7F41A8EE6370087911F /* Car.m */; };
		626FD7F81A8EE7B50087911F /* CarDetailViewController.m in Sources */ = {isa = PBXBuildFile; fileRef = 626FD7F71A8EE7B50087911F /* CarDetailViewController.m */; };
		627B3E4A1A89623500B3438A /* main.m in Sources */ = {isa = PBXBuildFile; fileRef = 627B3E491A89623500B3438A /* main.m */; };
		627B3E4D1A89623500B3438A /* AppDelegate.m in Sources */ = {isa = PBXBuildFile; fileRef = 627B3E4C1A89623500B3438A /* AppDelegate.m */; };
		627B3E501A89623500B3438A /* ChargeMe.xcdatamodeld in Sources */ = {isa = PBXBuildFile; fileRef = 627B3E4E1A89623500B3438A /* ChargeMe.xcdatamodeld */; };
		627B3E531A89623500B3438A /* HomeViewController.m in Sources */ = {isa = PBXBuildFile; fileRef = 627B3E521A89623500B3438A /* HomeViewController.m */; };
		627B3E561A89623500B3438A /* Main.storyboard in Resources */ = {isa = PBXBuildFile; fileRef = 627B3E541A89623500B3438A /* Main.storyboard */; };
		627B3E581A89623500B3438A /* Images.xcassets in Resources */ = {isa = PBXBuildFile; fileRef = 627B3E571A89623500B3438A /* Images.xcassets */; };
		627B3E5B1A89623500B3438A /* LaunchScreen.xib in Resources */ = {isa = PBXBuildFile; fileRef = 627B3E591A89623500B3438A /* LaunchScreen.xib */; };
		627B3E671A89623500B3438A /* ChargeMeTests.m in Sources */ = {isa = PBXBuildFile; fileRef = 627B3E661A89623500B3438A /* ChargeMeTests.m */; };
		627B3E801A8AB03700B3438A /* AudioToolbox.framework in Frameworks */ = {isa = PBXBuildFile; fileRef = 627B3E7F1A8AB03700B3438A /* AudioToolbox.framework */; };
		627B3E821A8AB03C00B3438A /* Accounts.framework in Frameworks */ = {isa = PBXBuildFile; fileRef = 627B3E811A8AB03C00B3438A /* Accounts.framework */; };
		627B3E841A8AB04100B3438A /* AdSupport.framework in Frameworks */ = {isa = PBXBuildFile; fileRef = 627B3E831A8AB04100B3438A /* AdSupport.framework */; };
		627B3E861A8AB04500B3438A /* CFNetwork.framework in Frameworks */ = {isa = PBXBuildFile; fileRef = 627B3E851A8AB04500B3438A /* CFNetwork.framework */; };
		627B3E881A8AB05100B3438A /* CoreGraphics.framework in Frameworks */ = {isa = PBXBuildFile; fileRef = 627B3E871A8AB05100B3438A /* CoreGraphics.framework */; };
		627B3E8A1A8AB05700B3438A /* CoreLocation.framework in Frameworks */ = {isa = PBXBuildFile; fileRef = 627B3E891A8AB05700B3438A /* CoreLocation.framework */; };
		627B3E8C1A8AB06800B3438A /* libsqlite3.dylib in Frameworks */ = {isa = PBXBuildFile; fileRef = 627B3E8B1A8AB06800B3438A /* libsqlite3.dylib */; };
		627B3E8E1A8AB06E00B3438A /* libz.1.1.3.dylib in Frameworks */ = {isa = PBXBuildFile; fileRef = 627B3E8D1A8AB06E00B3438A /* libz.1.1.3.dylib */; };
		627B3E901A8AB07400B3438A /* MobileCoreServices.framework in Frameworks */ = {isa = PBXBuildFile; fileRef = 627B3E8F1A8AB07400B3438A /* MobileCoreServices.framework */; };
		627B3E921A8AB07900B3438A /* QuartzCore.framework in Frameworks */ = {isa = PBXBuildFile; fileRef = 627B3E911A8AB07900B3438A /* QuartzCore.framework */; };
		627B3E941A8AB07F00B3438A /* Security.framework in Frameworks */ = {isa = PBXBuildFile; fileRef = 627B3E931A8AB07F00B3438A /* Security.framework */; };
		627B3E961A8AB08400B3438A /* Social.framework in Frameworks */ = {isa = PBXBuildFile; fileRef = 627B3E951A8AB08400B3438A /* Social.framework */; };
		627B3E981A8AB08900B3438A /* StoreKit.framework in Frameworks */ = {isa = PBXBuildFile; fileRef = 627B3E971A8AB08900B3438A /* StoreKit.framework */; };
		627B3E9A1A8AB09100B3438A /* SystemConfiguration.framework in Frameworks */ = {isa = PBXBuildFile; fileRef = 627B3E991A8AB09100B3438A /* SystemConfiguration.framework */; };
		627B3E9C1A8AB09600B3438A /* UIKit.framework in Frameworks */ = {isa = PBXBuildFile; fileRef = 627B3E9B1A8AB09600B3438A /* UIKit.framework */; };
		627B3E9E1A8AB09C00B3438A /* Foundation.framework in Frameworks */ = {isa = PBXBuildFile; fileRef = 627B3E9D1A8AB09C00B3438A /* Foundation.framework */; };
		627B3EAD1A8AB41100B3438A /* LoginViewController.m in Sources */ = {isa = PBXBuildFile; fileRef = 627B3EAC1A8AB41100B3438A /* LoginViewController.m */; };
		627B3ECC1A8BDBB200B3438A /* SWRevealViewController.m in Sources */ = {isa = PBXBuildFile; fileRef = 627B3ECB1A8BDBB200B3438A /* SWRevealViewController.m */; };
		627B3ECF1A8BE04B00B3438A /* NavViewController.m in Sources */ = {isa = PBXBuildFile; fileRef = 627B3ECE1A8BE04B00B3438A /* NavViewController.m */; };
		627B3ED21A8BF28900B3438A /* ProfileViewController.m in Sources */ = {isa = PBXBuildFile; fileRef = 627B3ED11A8BF28900B3438A /* ProfileViewController.m */; };
		627B3ED81A8C03FF00B3438A /* ShareViewController.m in Sources */ = {isa = PBXBuildFile; fileRef = 627B3ED71A8C03FF00B3438A /* ShareViewController.m */; };
		627B3EDB1A8C059100B3438A /* CustomProfileCollectionViewCell.m in Sources */ = {isa = PBXBuildFile; fileRef = 627B3EDA1A8C059100B3438A /* CustomProfileCollectionViewCell.m */; };
		62850D721A8D1FB50076739F /* dsym_upload.sh in Resources */ = {isa = PBXBuildFile; fileRef = 62850D701A8D1FB50076739F /* dsym_upload.sh */; };
		62850D731A8D1FB50076739F /* libCrittercism_v5_0_7.a in Frameworks */ = {isa = PBXBuildFile; fileRef = 62850D711A8D1FB50076739F /* libCrittercism_v5_0_7.a */; };
		62850D791A8D25AA0076739F /* SignUpViewController.m in Sources */ = {isa = PBXBuildFile; fileRef = 62850D781A8D25AA0076739F /* SignUpViewController.m */; };
		62850D7C1A8D4E170076739F /* SignUpDetailViewController.m in Sources */ = {isa = PBXBuildFile; fileRef = 62850D7B1A8D4E170076739F /* SignUpDetailViewController.m */; };
		62B8953D1A9C1D9300403999 /* PromotionsViewController.swift in Sources */ = {isa = PBXBuildFile; fileRef = 62B8953C1A9C1D9300403999 /* PromotionsViewController.swift */; };
		62CEC8EB1A942E7B003DC5B9 /* earcon_cancel.wav in Resources */ = {isa = PBXBuildFile; fileRef = 62CEC8E81A942E7B003DC5B9 /* earcon_cancel.wav */; };
		62CEC8EC1A942E7B003DC5B9 /* earcon_done_listening.wav in Resources */ = {isa = PBXBuildFile; fileRef = 62CEC8E91A942E7B003DC5B9 /* earcon_done_listening.wav */; };
		62CEC8ED1A942E7B003DC5B9 /* earcon_listening.wav in Resources */ = {isa = PBXBuildFile; fileRef = 62CEC8EA1A942E7B003DC5B9 /* earcon_listening.wav */; };
		62CEC8EF1A942E94003DC5B9 /* SpeechKit.framework in Frameworks */ = {isa = PBXBuildFile; fileRef = 62CEC8EE1A942E94003DC5B9 /* SpeechKit.framework */; };
/* End PBXBuildFile section */

/* Begin PBXContainerItemProxy section */
		627B3E611A89623500B3438A /* PBXContainerItemProxy */ = {
			isa = PBXContainerItemProxy;
			containerPortal = 627B3E3C1A89623500B3438A /* Project object */;
			proxyType = 1;
			remoteGlobalIDString = 627B3E431A89623500B3438A;
			remoteInfo = ChargeMe;
		};
/* End PBXContainerItemProxy section */

/* Begin PBXFileReference section */
		18061CFA1A93DF950013B79E /* TabBarViewController.h */ = {isa = PBXFileReference; fileEncoding = 4; lastKnownFileType = sourcecode.c.h; path = TabBarViewController.h; sourceTree = "<group>"; };
		18061CFB1A93DF950013B79E /* TabBarViewController.m */ = {isa = PBXFileReference; fileEncoding = 4; lastKnownFileType = sourcecode.c.objc; path = TabBarViewController.m; sourceTree = "<group>"; };
		183455491A8E7B050041C640 /* libstdc++.6.0.9.dylib */ = {isa = PBXFileReference; lastKnownFileType = "compiled.mach-o.dylib"; name = "libstdc++.6.0.9.dylib"; path = "usr/lib/libstdc++.6.0.9.dylib"; sourceTree = SDKROOT; };
		1834554B1A8E7B640041C640 /* libsqlite3.0.dylib */ = {isa = PBXFileReference; lastKnownFileType = "compiled.mach-o.dylib"; name = libsqlite3.0.dylib; path = usr/lib/libsqlite3.0.dylib; sourceTree = SDKROOT; };
		1847AA2D1A8DAA000013F9D1 /* StationDetailViewController.h */ = {isa = PBXFileReference; fileEncoding = 4; lastKnownFileType = sourcecode.c.h; path = StationDetailViewController.h; sourceTree = "<group>"; };
		1847AA2E1A8DAA000013F9D1 /* StationDetailViewController.m */ = {isa = PBXFileReference; fileEncoding = 4; lastKnownFileType = sourcecode.c.objc; path = StationDetailViewController.m; sourceTree = "<group>"; };
		185559391A8E76CE00CCDC1C /* Parse.framework */ = {isa = PBXFileReference; lastKnownFileType = wrapper.framework; path = Parse.framework; sourceTree = "<group>"; };
		1855593A1A8E76CE00CCDC1C /* ParseCrashReporting.framework */ = {isa = PBXFileReference; lastKnownFileType = wrapper.framework; path = ParseCrashReporting.framework; sourceTree = "<group>"; };
		1855593B1A8E76CE00CCDC1C /* ParseFacebookUtils.framework */ = {isa = PBXFileReference; lastKnownFileType = wrapper.framework; path = ParseFacebookUtils.framework; sourceTree = "<group>"; };
		1855593C1A8E76CE00CCDC1C /* ParseUI.framework */ = {isa = PBXFileReference; lastKnownFileType = wrapper.framework; path = ParseUI.framework; sourceTree = "<group>"; };
		1887E5F01A8E745400136FFC /* CardIO.h */ = {isa = PBXFileReference; fileEncoding = 4; lastKnownFileType = sourcecode.c.h; path = CardIO.h; sourceTree = "<group>"; };
		1887E5F11A8E745400136FFC /* CardIOCreditCardInfo.h */ = {isa = PBXFileReference; fileEncoding = 4; lastKnownFileType = sourcecode.c.h; path = CardIOCreditCardInfo.h; sourceTree = "<group>"; };
		1887E5F21A8E745400136FFC /* CardIODetectionMode.h */ = {isa = PBXFileReference; fileEncoding = 4; lastKnownFileType = sourcecode.c.h; path = CardIODetectionMode.h; sourceTree = "<group>"; };
		1887E5F31A8E745400136FFC /* CardIOPaymentViewController.h */ = {isa = PBXFileReference; fileEncoding = 4; lastKnownFileType = sourcecode.c.h; path = CardIOPaymentViewController.h; sourceTree = "<group>"; };
		1887E5F41A8E745400136FFC /* CardIOPaymentViewControllerDelegate.h */ = {isa = PBXFileReference; fileEncoding = 4; lastKnownFileType = sourcecode.c.h; path = CardIOPaymentViewControllerDelegate.h; sourceTree = "<group>"; };
		1887E5F51A8E745400136FFC /* CardIOUtilities.h */ = {isa = PBXFileReference; fileEncoding = 4; lastKnownFileType = sourcecode.c.h; path = CardIOUtilities.h; sourceTree = "<group>"; };
		1887E5F61A8E745400136FFC /* CardIOView.h */ = {isa = PBXFileReference; fileEncoding = 4; lastKnownFileType = sourcecode.c.h; path = CardIOView.h; sourceTree = "<group>"; };
		1887E5F71A8E745400136FFC /* CardIOViewDelegate.h */ = {isa = PBXFileReference; fileEncoding = 4; lastKnownFileType = sourcecode.c.h; path = CardIOViewDelegate.h; sourceTree = "<group>"; };
		1887E5F81A8E745400136FFC /* libPayPalMobile.a */ = {isa = PBXFileReference; lastKnownFileType = archive.ar; path = libPayPalMobile.a; sourceTree = "<group>"; };
		1887E5F91A8E745400136FFC /* PayPalConfiguration.h */ = {isa = PBXFileReference; fileEncoding = 4; lastKnownFileType = sourcecode.c.h; path = PayPalConfiguration.h; sourceTree = "<group>"; };
		1887E5FA1A8E745400136FFC /* PayPalFuturePaymentViewController.h */ = {isa = PBXFileReference; fileEncoding = 4; lastKnownFileType = sourcecode.c.h; path = PayPalFuturePaymentViewController.h; sourceTree = "<group>"; };
		1887E5FB1A8E745400136FFC /* PayPalMobile.h */ = {isa = PBXFileReference; fileEncoding = 4; lastKnownFileType = sourcecode.c.h; path = PayPalMobile.h; sourceTree = "<group>"; };
		1887E5FC1A8E745400136FFC /* PayPalOAuthScopes.h */ = {isa = PBXFileReference; fileEncoding = 4; lastKnownFileType = sourcecode.c.h; path = PayPalOAuthScopes.h; sourceTree = "<group>"; };
		1887E5FD1A8E745400136FFC /* PayPalPayment.h */ = {isa = PBXFileReference; fileEncoding = 4; lastKnownFileType = sourcecode.c.h; path = PayPalPayment.h; sourceTree = "<group>"; };
		1887E5FE1A8E745400136FFC /* PayPalPaymentViewController.h */ = {isa = PBXFileReference; fileEncoding = 4; lastKnownFileType = sourcecode.c.h; path = PayPalPaymentViewController.h; sourceTree = "<group>"; };
		1887E5FF1A8E745400136FFC /* PayPalProfileSharingViewController.h */ = {isa = PBXFileReference; fileEncoding = 4; lastKnownFileType = sourcecode.c.h; path = PayPalProfileSharingViewController.h; sourceTree = "<group>"; };
		1887E6021A8E754C00136FFC /* FacebookSDK.framework */ = {isa = PBXFileReference; lastKnownFileType = wrapper.framework; path = FacebookSDK.framework; sourceTree = "<group>"; };
		1887E6031A8E754C00136FFC /* FBAudienceNetwork.framework */ = {isa = PBXFileReference; lastKnownFileType = wrapper.framework; path = FBAudienceNetwork.framework; sourceTree = "<group>"; };
		18CBAEF01A8E632F00762576 /* AVFoundation.framework */ = {isa = PBXFileReference; lastKnownFileType = wrapper.framework; name = AVFoundation.framework; path = System/Library/Frameworks/AVFoundation.framework; sourceTree = SDKROOT; };
		18CBAEF21A8E633F00762576 /* CoreMedia.framework */ = {isa = PBXFileReference; lastKnownFileType = wrapper.framework; name = CoreMedia.framework; path = System/Library/Frameworks/CoreMedia.framework; sourceTree = SDKROOT; };
		18CBAEF41A8E634600762576 /* MessageUI.framework */ = {isa = PBXFileReference; lastKnownFileType = wrapper.framework; name = MessageUI.framework; path = System/Library/Frameworks/MessageUI.framework; sourceTree = SDKROOT; };
		18CBAEF61A8E636E00762576 /* libz.dylib */ = {isa = PBXFileReference; lastKnownFileType = "compiled.mach-o.dylib"; name = libz.dylib; path = usr/lib/libz.dylib; sourceTree = SDKROOT; };
		18CBAEF81A8E688000762576 /* libxml2.dylib */ = {isa = PBXFileReference; lastKnownFileType = "compiled.mach-o.dylib"; name = libxml2.dylib; path = usr/lib/libxml2.dylib; sourceTree = SDKROOT; };
		18CBAEFA1A8E68E700762576 /* libxml2.2.dylib */ = {isa = PBXFileReference; lastKnownFileType = "compiled.mach-o.dylib"; name = libxml2.2.dylib; path = usr/lib/libxml2.2.dylib; sourceTree = SDKROOT; };
		18D01B491A955000006DA8B1 /* FavoritesTableViewController.h */ = {isa = PBXFileReference; fileEncoding = 4; lastKnownFileType = sourcecode.c.h; path = FavoritesTableViewController.h; sourceTree = "<group>"; };
		18D01B4A1A955000006DA8B1 /* FavoritesTableViewController.m */ = {isa = PBXFileReference; fileEncoding = 4; lastKnownFileType = sourcecode.c.objc; path = FavoritesTableViewController.m; sourceTree = "<group>"; };
		18D4683E1A9C352100C554DF /* LittleBitsObject.h */ = {isa = PBXFileReference; fileEncoding = 4; lastKnownFileType = sourcecode.c.h; path = LittleBitsObject.h; sourceTree = "<group>"; };
		18D4683F1A9C352100C554DF /* LittleBitsObject.m */ = {isa = PBXFileReference; fileEncoding = 4; lastKnownFileType = sourcecode.c.objc; path = LittleBitsObject.m; sourceTree = "<group>"; };
		18D64FFD1A97F3EB0079217E /* SpeechKit.framework */ = {isa = PBXFileReference; lastKnownFileType = wrapper.framework; name = SpeechKit.framework; path = ../../../../../../../../Downloads/SpeechKit.framework; sourceTree = "<group>"; };
		18E6E42F1A96FE0B00FA4174 /* AnalyticsViewController.h */ = {isa = PBXFileReference; fileEncoding = 4; lastKnownFileType = sourcecode.c.h; path = AnalyticsViewController.h; sourceTree = "<group>"; };
		18E6E4301A96FE0B00FA4174 /* AnalyticsViewController.m */ = {isa = PBXFileReference; fileEncoding = 4; lastKnownFileType = sourcecode.c.objc; path = AnalyticsViewController.m; sourceTree = "<group>"; };
		18E6E4321A970D0700FA4174 /* CurrentUserViewController.h */ = {isa = PBXFileReference; fileEncoding = 4; lastKnownFileType = sourcecode.c.h; path = CurrentUserViewController.h; sourceTree = "<group>"; };
		18E6E4331A970D0700FA4174 /* CurrentUserViewController.m */ = {isa = PBXFileReference; fileEncoding = 4; lastKnownFileType = sourcecode.c.objc; path = CurrentUserViewController.m; sourceTree = "<group>"; };
		18E6E4351A970E7E00FA4174 /* OwnerPaymentsViewController.h */ = {isa = PBXFileReference; fileEncoding = 4; lastKnownFileType = sourcecode.c.h; path = OwnerPaymentsViewController.h; sourceTree = "<group>"; };
		18E6E4361A970E7E00FA4174 /* OwnerPaymentsViewController.m */ = {isa = PBXFileReference; fileEncoding = 4; lastKnownFileType = sourcecode.c.objc; path = OwnerPaymentsViewController.m; sourceTree = "<group>"; };
		18F0676B1A92A7CE0070B346 /* FindLocationOnMapViewController.h */ = {isa = PBXFileReference; fileEncoding = 4; lastKnownFileType = sourcecode.c.h; path = FindLocationOnMapViewController.h; sourceTree = "<group>"; };
		18F0676C1A92A7CE0070B346 /* FindLocationOnMapViewController.m */ = {isa = PBXFileReference; fileEncoding = 4; lastKnownFileType = sourcecode.c.objc; path = FindLocationOnMapViewController.m; sourceTree = "<group>"; };
		626FD7EB1A8D6D000087911F /* MapKit.framework */ = {isa = PBXFileReference; lastKnownFileType = wrapper.framework; name = MapKit.framework; path = System/Library/Frameworks/MapKit.framework; sourceTree = SDKROOT; };
		626FD7ED1A8D6F590087911F /* ChargingStation.h */ = {isa = PBXFileReference; fileEncoding = 4; lastKnownFileType = sourcecode.c.h; path = ChargingStation.h; sourceTree = "<group>"; };
		626FD7EE1A8D6F590087911F /* ChargingStation.m */ = {isa = PBXFileReference; fileEncoding = 4; lastKnownFileType = sourcecode.c.objc; path = ChargingStation.m; sourceTree = "<group>"; };
		626FD7F01A8D6F760087911F /* CustomAnnotation.h */ = {isa = PBXFileReference; fileEncoding = 4; lastKnownFileType = sourcecode.c.h; path = CustomAnnotation.h; sourceTree = "<group>"; };
		626FD7F11A8D6F760087911F /* CustomAnnotation.m */ = {isa = PBXFileReference; fileEncoding = 4; lastKnownFileType = sourcecode.c.objc; path = CustomAnnotation.m; sourceTree = "<group>"; };
		626FD7F31A8EE6370087911F /* Car.h */ = {isa = PBXFileReference; fileEncoding = 4; lastKnownFileType = sourcecode.c.h; path = Car.h; sourceTree = "<group>"; };
		626FD7F41A8EE6370087911F /* Car.m */ = {isa = PBXFileReference; fileEncoding = 4; lastKnownFileType = sourcecode.c.objc; path = Car.m; sourceTree = "<group>"; };
		626FD7F61A8EE7B50087911F /* CarDetailViewController.h */ = {isa = PBXFileReference; fileEncoding = 4; lastKnownFileType = sourcecode.c.h; path = CarDetailViewController.h; sourceTree = "<group>"; };
		626FD7F71A8EE7B50087911F /* CarDetailViewController.m */ = {isa = PBXFileReference; fileEncoding = 4; lastKnownFileType = sourcecode.c.objc; path = CarDetailViewController.m; sourceTree = "<group>"; };
		627B3E441A89623500B3438A /* ChargeMe.app */ = {isa = PBXFileReference; explicitFileType = wrapper.application; includeInIndex = 0; path = ChargeMe.app; sourceTree = BUILT_PRODUCTS_DIR; };
		627B3E481A89623500B3438A /* Info.plist */ = {isa = PBXFileReference; lastKnownFileType = text.plist.xml; path = Info.plist; sourceTree = "<group>"; };
		627B3E491A89623500B3438A /* main.m */ = {isa = PBXFileReference; lastKnownFileType = sourcecode.c.objc; path = main.m; sourceTree = "<group>"; };
		627B3E4B1A89623500B3438A /* AppDelegate.h */ = {isa = PBXFileReference; lastKnownFileType = sourcecode.c.h; path = AppDelegate.h; sourceTree = "<group>"; };
		627B3E4C1A89623500B3438A /* AppDelegate.m */ = {isa = PBXFileReference; lastKnownFileType = sourcecode.c.objc; path = AppDelegate.m; sourceTree = "<group>"; };
		627B3E4F1A89623500B3438A /* ChargeMe.xcdatamodel */ = {isa = PBXFileReference; lastKnownFileType = wrapper.xcdatamodel; path = ChargeMe.xcdatamodel; sourceTree = "<group>"; };
		627B3E511A89623500B3438A /* HomeViewController.h */ = {isa = PBXFileReference; lastKnownFileType = sourcecode.c.h; path = HomeViewController.h; sourceTree = "<group>"; };
		627B3E521A89623500B3438A /* HomeViewController.m */ = {isa = PBXFileReference; lastKnownFileType = sourcecode.c.objc; path = HomeViewController.m; sourceTree = "<group>"; };
		627B3E551A89623500B3438A /* Base */ = {isa = PBXFileReference; lastKnownFileType = file.storyboard; name = Base; path = Base.lproj/Main.storyboard; sourceTree = "<group>"; };
		627B3E571A89623500B3438A /* Images.xcassets */ = {isa = PBXFileReference; lastKnownFileType = folder.assetcatalog; path = Images.xcassets; sourceTree = "<group>"; };
		627B3E5A1A89623500B3438A /* Base */ = {isa = PBXFileReference; lastKnownFileType = file.xib; name = Base; path = Base.lproj/LaunchScreen.xib; sourceTree = "<group>"; };
		627B3E601A89623500B3438A /* ChargeMeTests.xctest */ = {isa = PBXFileReference; explicitFileType = wrapper.cfbundle; includeInIndex = 0; path = ChargeMeTests.xctest; sourceTree = BUILT_PRODUCTS_DIR; };
		627B3E651A89623500B3438A /* Info.plist */ = {isa = PBXFileReference; lastKnownFileType = text.plist.xml; path = Info.plist; sourceTree = "<group>"; };
		627B3E661A89623500B3438A /* ChargeMeTests.m */ = {isa = PBXFileReference; lastKnownFileType = sourcecode.c.objc; path = ChargeMeTests.m; sourceTree = "<group>"; };
		627B3E7F1A8AB03700B3438A /* AudioToolbox.framework */ = {isa = PBXFileReference; lastKnownFileType = wrapper.framework; name = AudioToolbox.framework; path = System/Library/Frameworks/AudioToolbox.framework; sourceTree = SDKROOT; };
		627B3E811A8AB03C00B3438A /* Accounts.framework */ = {isa = PBXFileReference; lastKnownFileType = wrapper.framework; name = Accounts.framework; path = System/Library/Frameworks/Accounts.framework; sourceTree = SDKROOT; };
		627B3E831A8AB04100B3438A /* AdSupport.framework */ = {isa = PBXFileReference; lastKnownFileType = wrapper.framework; name = AdSupport.framework; path = System/Library/Frameworks/AdSupport.framework; sourceTree = SDKROOT; };
		627B3E851A8AB04500B3438A /* CFNetwork.framework */ = {isa = PBXFileReference; lastKnownFileType = wrapper.framework; name = CFNetwork.framework; path = System/Library/Frameworks/CFNetwork.framework; sourceTree = SDKROOT; };
		627B3E871A8AB05100B3438A /* CoreGraphics.framework */ = {isa = PBXFileReference; lastKnownFileType = wrapper.framework; name = CoreGraphics.framework; path = System/Library/Frameworks/CoreGraphics.framework; sourceTree = SDKROOT; };
		627B3E891A8AB05700B3438A /* CoreLocation.framework */ = {isa = PBXFileReference; lastKnownFileType = wrapper.framework; name = CoreLocation.framework; path = System/Library/Frameworks/CoreLocation.framework; sourceTree = SDKROOT; };
		627B3E8B1A8AB06800B3438A /* libsqlite3.dylib */ = {isa = PBXFileReference; lastKnownFileType = "compiled.mach-o.dylib"; name = libsqlite3.dylib; path = usr/lib/libsqlite3.dylib; sourceTree = SDKROOT; };
		627B3E8D1A8AB06E00B3438A /* libz.1.1.3.dylib */ = {isa = PBXFileReference; lastKnownFileType = "compiled.mach-o.dylib"; name = libz.1.1.3.dylib; path = usr/lib/libz.1.1.3.dylib; sourceTree = SDKROOT; };
		627B3E8F1A8AB07400B3438A /* MobileCoreServices.framework */ = {isa = PBXFileReference; lastKnownFileType = wrapper.framework; name = MobileCoreServices.framework; path = System/Library/Frameworks/MobileCoreServices.framework; sourceTree = SDKROOT; };
		627B3E911A8AB07900B3438A /* QuartzCore.framework */ = {isa = PBXFileReference; lastKnownFileType = wrapper.framework; name = QuartzCore.framework; path = System/Library/Frameworks/QuartzCore.framework; sourceTree = SDKROOT; };
		627B3E931A8AB07F00B3438A /* Security.framework */ = {isa = PBXFileReference; lastKnownFileType = wrapper.framework; name = Security.framework; path = System/Library/Frameworks/Security.framework; sourceTree = SDKROOT; };
		627B3E951A8AB08400B3438A /* Social.framework */ = {isa = PBXFileReference; lastKnownFileType = wrapper.framework; name = Social.framework; path = System/Library/Frameworks/Social.framework; sourceTree = SDKROOT; };
		627B3E971A8AB08900B3438A /* StoreKit.framework */ = {isa = PBXFileReference; lastKnownFileType = wrapper.framework; name = StoreKit.framework; path = System/Library/Frameworks/StoreKit.framework; sourceTree = SDKROOT; };
		627B3E991A8AB09100B3438A /* SystemConfiguration.framework */ = {isa = PBXFileReference; lastKnownFileType = wrapper.framework; name = SystemConfiguration.framework; path = System/Library/Frameworks/SystemConfiguration.framework; sourceTree = SDKROOT; };
		627B3E9B1A8AB09600B3438A /* UIKit.framework */ = {isa = PBXFileReference; lastKnownFileType = wrapper.framework; name = UIKit.framework; path = System/Library/Frameworks/UIKit.framework; sourceTree = SDKROOT; };
		627B3E9D1A8AB09C00B3438A /* Foundation.framework */ = {isa = PBXFileReference; lastKnownFileType = wrapper.framework; name = Foundation.framework; path = System/Library/Frameworks/Foundation.framework; sourceTree = SDKROOT; };
		627B3EAB1A8AB41100B3438A /* LoginViewController.h */ = {isa = PBXFileReference; fileEncoding = 4; lastKnownFileType = sourcecode.c.h; path = LoginViewController.h; sourceTree = "<group>"; };
		627B3EAC1A8AB41100B3438A /* LoginViewController.m */ = {isa = PBXFileReference; fileEncoding = 4; lastKnownFileType = sourcecode.c.objc; path = LoginViewController.m; sourceTree = "<group>"; };
		627B3ECA1A8BDBB200B3438A /* SWRevealViewController.h */ = {isa = PBXFileReference; fileEncoding = 4; lastKnownFileType = sourcecode.c.h; path = SWRevealViewController.h; sourceTree = "<group>"; };
		627B3ECB1A8BDBB200B3438A /* SWRevealViewController.m */ = {isa = PBXFileReference; fileEncoding = 4; lastKnownFileType = sourcecode.c.objc; path = SWRevealViewController.m; sourceTree = "<group>"; };
		627B3ECD1A8BE04B00B3438A /* NavViewController.h */ = {isa = PBXFileReference; fileEncoding = 4; lastKnownFileType = sourcecode.c.h; path = NavViewController.h; sourceTree = "<group>"; };
		627B3ECE1A8BE04B00B3438A /* NavViewController.m */ = {isa = PBXFileReference; fileEncoding = 4; lastKnownFileType = sourcecode.c.objc; path = NavViewController.m; sourceTree = "<group>"; };
		627B3ED01A8BF28900B3438A /* ProfileViewController.h */ = {isa = PBXFileReference; fileEncoding = 4; lastKnownFileType = sourcecode.c.h; path = ProfileViewController.h; sourceTree = "<group>"; };
		627B3ED11A8BF28900B3438A /* ProfileViewController.m */ = {isa = PBXFileReference; fileEncoding = 4; lastKnownFileType = sourcecode.c.objc; path = ProfileViewController.m; sourceTree = "<group>"; };
		627B3ED61A8C03FF00B3438A /* ShareViewController.h */ = {isa = PBXFileReference; fileEncoding = 4; lastKnownFileType = sourcecode.c.h; path = ShareViewController.h; sourceTree = "<group>"; };
		627B3ED71A8C03FF00B3438A /* ShareViewController.m */ = {isa = PBXFileReference; fileEncoding = 4; lastKnownFileType = sourcecode.c.objc; path = ShareViewController.m; sourceTree = "<group>"; };
		627B3ED91A8C059100B3438A /* CustomProfileCollectionViewCell.h */ = {isa = PBXFileReference; fileEncoding = 4; lastKnownFileType = sourcecode.c.h; path = CustomProfileCollectionViewCell.h; sourceTree = "<group>"; };
		627B3EDA1A8C059100B3438A /* CustomProfileCollectionViewCell.m */ = {isa = PBXFileReference; fileEncoding = 4; lastKnownFileType = sourcecode.c.objc; path = CustomProfileCollectionViewCell.m; sourceTree = "<group>"; };
		62850D6D1A8D1FB50076739F /* CRFilter.h */ = {isa = PBXFileReference; fileEncoding = 4; lastKnownFileType = sourcecode.c.h; path = CRFilter.h; sourceTree = "<group>"; };
		62850D6E1A8D1FB50076739F /* Crittercism.h */ = {isa = PBXFileReference; fileEncoding = 4; lastKnownFileType = sourcecode.c.h; path = Crittercism.h; sourceTree = "<group>"; };
		62850D6F1A8D1FB50076739F /* CrittercismDelegate.h */ = {isa = PBXFileReference; fileEncoding = 4; lastKnownFileType = sourcecode.c.h; path = CrittercismDelegate.h; sourceTree = "<group>"; };
		62850D701A8D1FB50076739F /* dsym_upload.sh */ = {isa = PBXFileReference; fileEncoding = 4; lastKnownFileType = text.script.sh; path = dsym_upload.sh; sourceTree = "<group>"; };
		62850D711A8D1FB50076739F /* libCrittercism_v5_0_7.a */ = {isa = PBXFileReference; lastKnownFileType = archive.ar; path = libCrittercism_v5_0_7.a; sourceTree = "<group>"; };
		62850D771A8D25AA0076739F /* SignUpViewController.h */ = {isa = PBXFileReference; fileEncoding = 4; lastKnownFileType = sourcecode.c.h; path = SignUpViewController.h; sourceTree = "<group>"; };
		62850D781A8D25AA0076739F /* SignUpViewController.m */ = {isa = PBXFileReference; fileEncoding = 4; lastKnownFileType = sourcecode.c.objc; path = SignUpViewController.m; sourceTree = "<group>"; };
		62850D7A1A8D4E170076739F /* SignUpDetailViewController.h */ = {isa = PBXFileReference; fileEncoding = 4; lastKnownFileType = sourcecode.c.h; path = SignUpDetailViewController.h; sourceTree = "<group>"; };
		62850D7B1A8D4E170076739F /* SignUpDetailViewController.m */ = {isa = PBXFileReference; fileEncoding = 4; lastKnownFileType = sourcecode.c.objc; path = SignUpDetailViewController.m; sourceTree = "<group>"; };
		62B8953B1A9C1D9200403999 /* ChargeMe-Bridging-Header.h */ = {isa = PBXFileReference; lastKnownFileType = sourcecode.c.h; path = "ChargeMe-Bridging-Header.h"; sourceTree = "<group>"; };
		62B8953C1A9C1D9300403999 /* PromotionsViewController.swift */ = {isa = PBXFileReference; fileEncoding = 4; lastKnownFileType = sourcecode.swift; path = PromotionsViewController.swift; sourceTree = "<group>"; };
		62CEC8E81A942E7B003DC5B9 /* earcon_cancel.wav */ = {isa = PBXFileReference; lastKnownFileType = audio.wav; path = earcon_cancel.wav; sourceTree = "<group>"; };
		62CEC8E91A942E7B003DC5B9 /* earcon_done_listening.wav */ = {isa = PBXFileReference; lastKnownFileType = audio.wav; path = earcon_done_listening.wav; sourceTree = "<group>"; };
		62CEC8EA1A942E7B003DC5B9 /* earcon_listening.wav */ = {isa = PBXFileReference; lastKnownFileType = audio.wav; path = earcon_listening.wav; sourceTree = "<group>"; };
		62CEC8EE1A942E94003DC5B9 /* SpeechKit.framework */ = {isa = PBXFileReference; lastKnownFileType = wrapper.framework; path = SpeechKit.framework; sourceTree = "<group>"; };
/* End PBXFileReference section */

/* Begin PBXFrameworksBuildPhase section */
		627B3E411A89623500B3438A /* Frameworks */ = {
			isa = PBXFrameworksBuildPhase;
			buildActionMask = 2147483647;
			files = (
				18D64FFE1A97F3EB0079217E /* SpeechKit.framework in Frameworks */,
				1834554C1A8E7B640041C640 /* libsqlite3.0.dylib in Frameworks */,
				1834554A1A8E7B050041C640 /* libstdc++.6.0.9.dylib in Frameworks */,
				627B3E961A8AB08400B3438A /* Social.framework in Frameworks */,
				1855593F1A8E76CE00CCDC1C /* ParseCrashReporting.framework in Frameworks */,
				185559401A8E76CE00CCDC1C /* ParseFacebookUtils.framework in Frameworks */,
				18CBAEF91A8E688000762576 /* libxml2.dylib in Frameworks */,
				62CEC8EF1A942E94003DC5B9 /* SpeechKit.framework in Frameworks */,
				18CBAEF71A8E636E00762576 /* libz.dylib in Frameworks */,
				185559411A8E76CE00CCDC1C /* ParseUI.framework in Frameworks */,
				627B3E9A1A8AB09100B3438A /* SystemConfiguration.framework in Frameworks */,
				627B3E901A8AB07400B3438A /* MobileCoreServices.framework in Frameworks */,
				18CBAEF51A8E634600762576 /* MessageUI.framework in Frameworks */,
				18CBAEF31A8E633F00762576 /* CoreMedia.framework in Frameworks */,
				627B3E8A1A8AB05700B3438A /* CoreLocation.framework in Frameworks */,
				18CBAEF11A8E632F00762576 /* AVFoundation.framework in Frameworks */,
				626FD7EC1A8D6D000087911F /* MapKit.framework in Frameworks */,
				627B3E9E1A8AB09C00B3438A /* Foundation.framework in Frameworks */,
				1855593E1A8E76CE00CCDC1C /* Parse.framework in Frameworks */,
				1887E6051A8E754C00136FFC /* FacebookSDK.framework in Frameworks */,
				627B3E9C1A8AB09600B3438A /* UIKit.framework in Frameworks */,
				627B3E981A8AB08900B3438A /* StoreKit.framework in Frameworks */,
				627B3E941A8AB07F00B3438A /* Security.framework in Frameworks */,
				627B3E921A8AB07900B3438A /* QuartzCore.framework in Frameworks */,
				1887E6061A8E754C00136FFC /* FBAudienceNetwork.framework in Frameworks */,
				627B3E8E1A8AB06E00B3438A /* libz.1.1.3.dylib in Frameworks */,
				62850D731A8D1FB50076739F /* libCrittercism_v5_0_7.a in Frameworks */,
				1887E6001A8E745400136FFC /* libPayPalMobile.a in Frameworks */,
				627B3E8C1A8AB06800B3438A /* libsqlite3.dylib in Frameworks */,
				627B3E881A8AB05100B3438A /* CoreGraphics.framework in Frameworks */,
				627B3E861A8AB04500B3438A /* CFNetwork.framework in Frameworks */,
				627B3E841A8AB04100B3438A /* AdSupport.framework in Frameworks */,
				627B3E821A8AB03C00B3438A /* Accounts.framework in Frameworks */,
				627B3E801A8AB03700B3438A /* AudioToolbox.framework in Frameworks */,
			);
			runOnlyForDeploymentPostprocessing = 0;
		};
		627B3E5D1A89623500B3438A /* Frameworks */ = {
			isa = PBXFrameworksBuildPhase;
			buildActionMask = 2147483647;
			files = (
			);
			runOnlyForDeploymentPostprocessing = 0;
		};
/* End PBXFrameworksBuildPhase section */

/* Begin PBXGroup section */
		185559371A8E768D00CCDC1C /* ParseFramework */ = {
			isa = PBXGroup;
			children = (
				185559391A8E76CE00CCDC1C /* Parse.framework */,
				1855593A1A8E76CE00CCDC1C /* ParseCrashReporting.framework */,
				1855593B1A8E76CE00CCDC1C /* ParseFacebookUtils.framework */,
				1855593C1A8E76CE00CCDC1C /* ParseUI.framework */,
			);
			name = ParseFramework;
			sourceTree = "<group>";
		};
		1887E5EF1A8E745400136FFC /* PayPalMobile */ = {
			isa = PBXGroup;
			children = (
				1887E5F01A8E745400136FFC /* CardIO.h */,
				1887E5F11A8E745400136FFC /* CardIOCreditCardInfo.h */,
				1887E5F21A8E745400136FFC /* CardIODetectionMode.h */,
				1887E5F31A8E745400136FFC /* CardIOPaymentViewController.h */,
				1887E5F41A8E745400136FFC /* CardIOPaymentViewControllerDelegate.h */,
				1887E5F51A8E745400136FFC /* CardIOUtilities.h */,
				1887E5F61A8E745400136FFC /* CardIOView.h */,
				1887E5F71A8E745400136FFC /* CardIOViewDelegate.h */,
				1887E5F81A8E745400136FFC /* libPayPalMobile.a */,
				1887E5F91A8E745400136FFC /* PayPalConfiguration.h */,
				1887E5FA1A8E745400136FFC /* PayPalFuturePaymentViewController.h */,
				1887E5FB1A8E745400136FFC /* PayPalMobile.h */,
				1887E5FC1A8E745400136FFC /* PayPalOAuthScopes.h */,
				1887E5FD1A8E745400136FFC /* PayPalPayment.h */,
				1887E5FE1A8E745400136FFC /* PayPalPaymentViewController.h */,
				1887E5FF1A8E745400136FFC /* PayPalProfileSharingViewController.h */,
			);
			path = PayPalMobile;
			sourceTree = "<group>";
		};
		627B3E3B1A89623500B3438A = {
			isa = PBXGroup;
			children = (
				627B3E9F1A8AB0D400B3438A /* Frameworks */,
				627B3E461A89623500B3438A /* ChargeMe */,
				627B3E631A89623500B3438A /* ChargeMeTests */,
				627B3E451A89623500B3438A /* Products */,
			);
			sourceTree = "<group>";
		};
		627B3E451A89623500B3438A /* Products */ = {
			isa = PBXGroup;
			children = (
				627B3E441A89623500B3438A /* ChargeMe.app */,
				627B3E601A89623500B3438A /* ChargeMeTests.xctest */,
			);
			name = Products;
			sourceTree = "<group>";
		};
		627B3E461A89623500B3438A /* ChargeMe */ = {
			isa = PBXGroup;
			children = (
				627B3E4B1A89623500B3438A /* AppDelegate.h */,
				627B3E4C1A89623500B3438A /* AppDelegate.m */,
				627B3E571A89623500B3438A /* Images.xcassets */,
				627B3EDE1A8C05CA00B3438A /* Objects */,
				627B3EDD1A8C05BD00B3438A /* Storyboard */,
				627B3EDC1A8C059B00B3438A /* ViewControllers */,
				627B3E591A89623500B3438A /* LaunchScreen.xib */,
				627B3E4E1A89623500B3438A /* ChargeMe.xcdatamodeld */,
				627B3E471A89623500B3438A /* Supporting Files */,
			);
			path = ChargeMe;
			sourceTree = "<group>";
		};
		627B3E471A89623500B3438A /* Supporting Files */ = {
			isa = PBXGroup;
			children = (
				62CEC8E81A942E7B003DC5B9 /* earcon_cancel.wav */,
				62CEC8E91A942E7B003DC5B9 /* earcon_done_listening.wav */,
				62CEC8EA1A942E7B003DC5B9 /* earcon_listening.wav */,
				627B3EC81A8BDBB200B3438A /* SlideOutMenu-Beginning */,
				627B3E481A89623500B3438A /* Info.plist */,
				627B3E491A89623500B3438A /* main.m */,
			);
			name = "Supporting Files";
			sourceTree = "<group>";
		};
		627B3E631A89623500B3438A /* ChargeMeTests */ = {
			isa = PBXGroup;
			children = (
				627B3E661A89623500B3438A /* ChargeMeTests.m */,
				627B3E641A89623500B3438A /* Supporting Files */,
			);
			path = ChargeMeTests;
			sourceTree = "<group>";
		};
		627B3E641A89623500B3438A /* Supporting Files */ = {
			isa = PBXGroup;
			children = (
				627B3E651A89623500B3438A /* Info.plist */,
			);
			name = "Supporting Files";
			sourceTree = "<group>";
		};
		627B3E9F1A8AB0D400B3438A /* Frameworks */ = {
			isa = PBXGroup;
			children = (
				18D64FFD1A97F3EB0079217E /* SpeechKit.framework */,
				62CEC8EE1A942E94003DC5B9 /* SpeechKit.framework */,
				1834554B1A8E7B640041C640 /* libsqlite3.0.dylib */,
				183455491A8E7B050041C640 /* libstdc++.6.0.9.dylib */,
				185559371A8E768D00CCDC1C /* ParseFramework */,
				1887E6021A8E754C00136FFC /* FacebookSDK.framework */,
				1887E6031A8E754C00136FFC /* FBAudienceNetwork.framework */,
				18CBAEFA1A8E68E700762576 /* libxml2.2.dylib */,
				18CBAEF81A8E688000762576 /* libxml2.dylib */,
				18CBAEF61A8E636E00762576 /* libz.dylib */,
				18CBAEF41A8E634600762576 /* MessageUI.framework */,
				18CBAEF21A8E633F00762576 /* CoreMedia.framework */,
				18CBAEF01A8E632F00762576 /* AVFoundation.framework */,
				1887E5EF1A8E745400136FFC /* PayPalMobile */,
				626FD7EB1A8D6D000087911F /* MapKit.framework */,
				62850D6C1A8D1FB50076739F /* CrittercismSDK */,
				627B3E9D1A8AB09C00B3438A /* Foundation.framework */,
				627B3E9B1A8AB09600B3438A /* UIKit.framework */,
				627B3E991A8AB09100B3438A /* SystemConfiguration.framework */,
				627B3E971A8AB08900B3438A /* StoreKit.framework */,
				627B3E951A8AB08400B3438A /* Social.framework */,
				627B3E911A8AB07900B3438A /* QuartzCore.framework */,
				627B3E8F1A8AB07400B3438A /* MobileCoreServices.framework */,
				627B3E8D1A8AB06E00B3438A /* libz.1.1.3.dylib */,
				627B3E8B1A8AB06800B3438A /* libsqlite3.dylib */,
				627B3E891A8AB05700B3438A /* CoreLocation.framework */,
				627B3E871A8AB05100B3438A /* CoreGraphics.framework */,
				627B3E851A8AB04500B3438A /* CFNetwork.framework */,
				627B3E831A8AB04100B3438A /* AdSupport.framework */,
				627B3E811A8AB03C00B3438A /* Accounts.framework */,
				627B3E7F1A8AB03700B3438A /* AudioToolbox.framework */,
				627B3E931A8AB07F00B3438A /* Security.framework */,
			);
			name = Frameworks;
			sourceTree = "<group>";
		};
		627B3EC81A8BDBB200B3438A /* SlideOutMenu-Beginning */ = {
			isa = PBXGroup;
			children = (
				627B3EC91A8BDBB200B3438A /* SlideOutMenuFiles */,
			);
			path = "SlideOutMenu-Beginning";
			sourceTree = "<group>";
		};
		627B3EC91A8BDBB200B3438A /* SlideOutMenuFiles */ = {
			isa = PBXGroup;
			children = (
				627B3ECA1A8BDBB200B3438A /* SWRevealViewController.h */,
				627B3ECB1A8BDBB200B3438A /* SWRevealViewController.m */,
			);
			path = SlideOutMenuFiles;
			sourceTree = "<group>";
		};
		627B3EDC1A8C059B00B3438A /* ViewControllers */ = {
			isa = PBXGroup;
			children = (
				62B8953C1A9C1D9300403999 /* PromotionsViewController.swift */,
				627B3ECD1A8BE04B00B3438A /* NavViewController.h */,
				627B3ECE1A8BE04B00B3438A /* NavViewController.m */,
				627B3E511A89623500B3438A /* HomeViewController.h */,
				627B3E521A89623500B3438A /* HomeViewController.m */,
				627B3EAB1A8AB41100B3438A /* LoginViewController.h */,
				627B3EAC1A8AB41100B3438A /* LoginViewController.m */,
				627B3ED61A8C03FF00B3438A /* ShareViewController.h */,
				627B3ED71A8C03FF00B3438A /* ShareViewController.m */,
				18F0676B1A92A7CE0070B346 /* FindLocationOnMapViewController.h */,
				18F0676C1A92A7CE0070B346 /* FindLocationOnMapViewController.m */,
				62850D7A1A8D4E170076739F /* SignUpDetailViewController.h */,
				62850D7B1A8D4E170076739F /* SignUpDetailViewController.m */,
				62850D771A8D25AA0076739F /* SignUpViewController.h */,
				62850D781A8D25AA0076739F /* SignUpViewController.m */,
				627B3ED01A8BF28900B3438A /* ProfileViewController.h */,
				627B3ED11A8BF28900B3438A /* ProfileViewController.m */,
				1847AA2D1A8DAA000013F9D1 /* StationDetailViewController.h */,
				1847AA2E1A8DAA000013F9D1 /* StationDetailViewController.m */,
				626FD7F61A8EE7B50087911F /* CarDetailViewController.h */,
				626FD7F71A8EE7B50087911F /* CarDetailViewController.m */,
				18061CFA1A93DF950013B79E /* TabBarViewController.h */,
				18061CFB1A93DF950013B79E /* TabBarViewController.m */,
				18D01B491A955000006DA8B1 /* FavoritesTableViewController.h */,
				18D01B4A1A955000006DA8B1 /* FavoritesTableViewController.m */,
				18E6E42F1A96FE0B00FA4174 /* AnalyticsViewController.h */,
				18E6E4301A96FE0B00FA4174 /* AnalyticsViewController.m */,
				18E6E4321A970D0700FA4174 /* CurrentUserViewController.h */,
				18E6E4331A970D0700FA4174 /* CurrentUserViewController.m */,
				18E6E4351A970E7E00FA4174 /* OwnerPaymentsViewController.h */,
				18E6E4361A970E7E00FA4174 /* OwnerPaymentsViewController.m */,
				62B8953B1A9C1D9200403999 /* ChargeMe-Bridging-Header.h */,
			);
			name = ViewControllers;
			sourceTree = "<group>";
		};
		627B3EDD1A8C05BD00B3438A /* Storyboard */ = {
			isa = PBXGroup;
			children = (
				627B3E541A89623500B3438A /* Main.storyboard */,
			);
			name = Storyboard;
			sourceTree = "<group>";
		};
		627B3EDE1A8C05CA00B3438A /* Objects */ = {
			isa = PBXGroup;
			children = (
				18D4683E1A9C352100C554DF /* LittleBitsObject.h */,
				18D4683F1A9C352100C554DF /* LittleBitsObject.m */,
				626FD7ED1A8D6F590087911F /* ChargingStation.h */,
				626FD7EE1A8D6F590087911F /* ChargingStation.m */,
				627B3ED91A8C059100B3438A /* CustomProfileCollectionViewCell.h */,
				627B3EDA1A8C059100B3438A /* CustomProfileCollectionViewCell.m */,
				626FD7F01A8D6F760087911F /* CustomAnnotation.h */,
				626FD7F11A8D6F760087911F /* CustomAnnotation.m */,
				626FD7F31A8EE6370087911F /* Car.h */,
				626FD7F41A8EE6370087911F /* Car.m */,
			);
			name = Objects;
			sourceTree = "<group>";
		};
		62850D6C1A8D1FB50076739F /* CrittercismSDK */ = {
			isa = PBXGroup;
			children = (
				62850D6D1A8D1FB50076739F /* CRFilter.h */,
				62850D6E1A8D1FB50076739F /* Crittercism.h */,
				62850D6F1A8D1FB50076739F /* CrittercismDelegate.h */,
				62850D701A8D1FB50076739F /* dsym_upload.sh */,
				62850D711A8D1FB50076739F /* libCrittercism_v5_0_7.a */,
			);
			path = CrittercismSDK;
			sourceTree = "<group>";
		};
/* End PBXGroup section */

/* Begin PBXNativeTarget section */
		627B3E431A89623500B3438A /* ChargeMe */ = {
			isa = PBXNativeTarget;
			buildConfigurationList = 627B3E6A1A89623500B3438A /* Build configuration list for PBXNativeTarget "ChargeMe" */;
			buildPhases = (
				627B3E401A89623500B3438A /* Sources */,
				627B3E411A89623500B3438A /* Frameworks */,
				627B3E421A89623500B3438A /* Resources */,
			);
			buildRules = (
			);
			dependencies = (
			);
			name = ChargeMe;
			productName = ChargeMe;
			productReference = 627B3E441A89623500B3438A /* ChargeMe.app */;
			productType = "com.apple.product-type.application";
		};
		627B3E5F1A89623500B3438A /* ChargeMeTests */ = {
			isa = PBXNativeTarget;
			buildConfigurationList = 627B3E6D1A89623500B3438A /* Build configuration list for PBXNativeTarget "ChargeMeTests" */;
			buildPhases = (
				627B3E5C1A89623500B3438A /* Sources */,
				627B3E5D1A89623500B3438A /* Frameworks */,
				627B3E5E1A89623500B3438A /* Resources */,
			);
			buildRules = (
			);
			dependencies = (
				627B3E621A89623500B3438A /* PBXTargetDependency */,
			);
			name = ChargeMeTests;
			productName = ChargeMeTests;
			productReference = 627B3E601A89623500B3438A /* ChargeMeTests.xctest */;
			productType = "com.apple.product-type.bundle.unit-test";
		};
/* End PBXNativeTarget section */

/* Begin PBXProject section */
		627B3E3C1A89623500B3438A /* Project object */ = {
			isa = PBXProject;
			attributes = {
				LastUpgradeCheck = 0610;
				ORGANIZATIONNAME = "Mary Jenel Myers";
				TargetAttributes = {
					627B3E431A89623500B3438A = {
						CreatedOnToolsVersion = 6.1.1;
					};
					627B3E5F1A89623500B3438A = {
						CreatedOnToolsVersion = 6.1.1;
						TestTargetID = 627B3E431A89623500B3438A;
					};
				};
			};
			buildConfigurationList = 627B3E3F1A89623500B3438A /* Build configuration list for PBXProject "ChargeMe" */;
			compatibilityVersion = "Xcode 3.2";
			developmentRegion = English;
			hasScannedForEncodings = 0;
			knownRegions = (
				en,
				Base,
				he,
			);
			mainGroup = 627B3E3B1A89623500B3438A;
			productRefGroup = 627B3E451A89623500B3438A /* Products */;
			projectDirPath = "";
			projectRoot = "";
			targets = (
				627B3E431A89623500B3438A /* ChargeMe */,
				627B3E5F1A89623500B3438A /* ChargeMeTests */,
			);
		};
/* End PBXProject section */

/* Begin PBXResourcesBuildPhase section */
		627B3E421A89623500B3438A /* Resources */ = {
			isa = PBXResourcesBuildPhase;
			buildActionMask = 2147483647;
			files = (
				62CEC8EC1A942E7B003DC5B9 /* earcon_done_listening.wav in Resources */,
				62850D721A8D1FB50076739F /* dsym_upload.sh in Resources */,
				627B3E561A89623500B3438A /* Main.storyboard in Resources */,
				627B3E5B1A89623500B3438A /* LaunchScreen.xib in Resources */,
				62CEC8EB1A942E7B003DC5B9 /* earcon_cancel.wav in Resources */,
				62CEC8ED1A942E7B003DC5B9 /* earcon_listening.wav in Resources */,
				627B3E581A89623500B3438A /* Images.xcassets in Resources */,
			);
			runOnlyForDeploymentPostprocessing = 0;
		};
		627B3E5E1A89623500B3438A /* Resources */ = {
			isa = PBXResourcesBuildPhase;
			buildActionMask = 2147483647;
			files = (
			);
			runOnlyForDeploymentPostprocessing = 0;
		};
/* End PBXResourcesBuildPhase section */

/* Begin PBXSourcesBuildPhase section */
		627B3E401A89623500B3438A /* Sources */ = {
			isa = PBXSourcesBuildPhase;
			buildActionMask = 2147483647;
			files = (
				626FD7F51A8EE6370087911F /* Car.m in Sources */,
				627B3E501A89623500B3438A /* ChargeMe.xcdatamodeld in Sources */,
				626FD7F81A8EE7B50087911F /* CarDetailViewController.m in Sources */,
				627B3E4D1A89623500B3438A /* AppDelegate.m in Sources */,
				627B3ED21A8BF28900B3438A /* ProfileViewController.m in Sources */,
				1847AA2F1A8DAA000013F9D1 /* StationDetailViewController.m in Sources */,
				626FD7F21A8D6F760087911F /* CustomAnnotation.m in Sources */,
				627B3ECC1A8BDBB200B3438A /* SWRevealViewController.m in Sources */,
				18F0676D1A92A7CE0070B346 /* FindLocationOnMapViewController.m in Sources */,
				627B3ECF1A8BE04B00B3438A /* NavViewController.m in Sources */,
				627B3EAD1A8AB41100B3438A /* LoginViewController.m in Sources */,
				18D468401A9C352100C554DF /* LittleBitsObject.m in Sources */,
				62850D7C1A8D4E170076739F /* SignUpDetailViewController.m in Sources */,
				627B3E531A89623500B3438A /* HomeViewController.m in Sources */,
				627B3ED81A8C03FF00B3438A /* ShareViewController.m in Sources */,
				627B3E4A1A89623500B3438A /* main.m in Sources */,
				62B8953D1A9C1D9300403999 /* PromotionsViewController.swift in Sources */,
				18E6E4311A96FE0B00FA4174 /* AnalyticsViewController.m in Sources */,
				18061CFC1A93DF950013B79E /* TabBarViewController.m in Sources */,
				62850D791A8D25AA0076739F /* SignUpViewController.m in Sources */,
				18E6E4371A970E7E00FA4174 /* OwnerPaymentsViewController.m in Sources */,
				627B3EDB1A8C059100B3438A /* CustomProfileCollectionViewCell.m in Sources */,
				626FD7EF1A8D6F590087911F /* ChargingStation.m in Sources */,
				18D01B4B1A955000006DA8B1 /* FavoritesTableViewController.m in Sources */,
				18E6E4341A970D0700FA4174 /* CurrentUserViewController.m in Sources */,
			);
			runOnlyForDeploymentPostprocessing = 0;
		};
		627B3E5C1A89623500B3438A /* Sources */ = {
			isa = PBXSourcesBuildPhase;
			buildActionMask = 2147483647;
			files = (
				627B3E671A89623500B3438A /* ChargeMeTests.m in Sources */,
			);
			runOnlyForDeploymentPostprocessing = 0;
		};
/* End PBXSourcesBuildPhase section */

/* Begin PBXTargetDependency section */
		627B3E621A89623500B3438A /* PBXTargetDependency */ = {
			isa = PBXTargetDependency;
			target = 627B3E431A89623500B3438A /* ChargeMe */;
			targetProxy = 627B3E611A89623500B3438A /* PBXContainerItemProxy */;
		};
/* End PBXTargetDependency section */

/* Begin PBXVariantGroup section */
		627B3E541A89623500B3438A /* Main.storyboard */ = {
			isa = PBXVariantGroup;
			children = (
				627B3E551A89623500B3438A /* Base */,
			);
			name = Main.storyboard;
			sourceTree = "<group>";
		};
		627B3E591A89623500B3438A /* LaunchScreen.xib */ = {
			isa = PBXVariantGroup;
			children = (
				627B3E5A1A89623500B3438A /* Base */,
			);
			name = LaunchScreen.xib;
			sourceTree = "<group>";
		};
/* End PBXVariantGroup section */

/* Begin XCBuildConfiguration section */
		627B3E681A89623500B3438A /* Debug */ = {
			isa = XCBuildConfiguration;
			buildSettings = {
				ALWAYS_SEARCH_USER_PATHS = NO;
				CLANG_CXX_LANGUAGE_STANDARD = "gnu++0x";
				CLANG_CXX_LIBRARY = "libc++";
				CLANG_ENABLE_MODULES = YES;
				CLANG_ENABLE_OBJC_ARC = YES;
				CLANG_WARN_BOOL_CONVERSION = YES;
				CLANG_WARN_CONSTANT_CONVERSION = YES;
				CLANG_WARN_DIRECT_OBJC_ISA_USAGE = YES_ERROR;
				CLANG_WARN_EMPTY_BODY = YES;
				CLANG_WARN_ENUM_CONVERSION = YES;
				CLANG_WARN_INT_CONVERSION = YES;
				CLANG_WARN_OBJC_ROOT_CLASS = YES_ERROR;
				CLANG_WARN_UNREACHABLE_CODE = YES;
				CLANG_WARN__DUPLICATE_METHOD_MATCH = YES;
				"CODE_SIGN_IDENTITY[sdk=iphoneos*]" = "iPhone Developer";
				COPY_PHASE_STRIP = NO;
				ENABLE_STRICT_OBJC_MSGSEND = YES;
				GCC_C_LANGUAGE_STANDARD = gnu99;
				GCC_DYNAMIC_NO_PIC = NO;
				GCC_OPTIMIZATION_LEVEL = 0;
				GCC_PREPROCESSOR_DEFINITIONS = (
					"DEBUG=1",
					"$(inherited)",
				);
				GCC_SYMBOLS_PRIVATE_EXTERN = NO;
				GCC_WARN_64_TO_32_BIT_CONVERSION = YES;
				GCC_WARN_ABOUT_RETURN_TYPE = YES_ERROR;
				GCC_WARN_UNDECLARED_SELECTOR = YES;
				GCC_WARN_UNINITIALIZED_AUTOS = YES_AGGRESSIVE;
				GCC_WARN_UNUSED_FUNCTION = YES;
				GCC_WARN_UNUSED_VARIABLE = YES;
				IPHONEOS_DEPLOYMENT_TARGET = 8.1;
				MTL_ENABLE_DEBUG_INFO = YES;
				ONLY_ACTIVE_ARCH = YES;
				SDKROOT = iphoneos;
			};
			name = Debug;
		};
		627B3E691A89623500B3438A /* Release */ = {
			isa = XCBuildConfiguration;
			buildSettings = {
				ALWAYS_SEARCH_USER_PATHS = NO;
				CLANG_CXX_LANGUAGE_STANDARD = "gnu++0x";
				CLANG_CXX_LIBRARY = "libc++";
				CLANG_ENABLE_MODULES = YES;
				CLANG_ENABLE_OBJC_ARC = YES;
				CLANG_WARN_BOOL_CONVERSION = YES;
				CLANG_WARN_CONSTANT_CONVERSION = YES;
				CLANG_WARN_DIRECT_OBJC_ISA_USAGE = YES_ERROR;
				CLANG_WARN_EMPTY_BODY = YES;
				CLANG_WARN_ENUM_CONVERSION = YES;
				CLANG_WARN_INT_CONVERSION = YES;
				CLANG_WARN_OBJC_ROOT_CLASS = YES_ERROR;
				CLANG_WARN_UNREACHABLE_CODE = YES;
				CLANG_WARN__DUPLICATE_METHOD_MATCH = YES;
				"CODE_SIGN_IDENTITY[sdk=iphoneos*]" = "iPhone Developer";
				COPY_PHASE_STRIP = YES;
				ENABLE_NS_ASSERTIONS = NO;
				ENABLE_STRICT_OBJC_MSGSEND = YES;
				GCC_C_LANGUAGE_STANDARD = gnu99;
				GCC_WARN_64_TO_32_BIT_CONVERSION = YES;
				GCC_WARN_ABOUT_RETURN_TYPE = YES_ERROR;
				GCC_WARN_UNDECLARED_SELECTOR = YES;
				GCC_WARN_UNINITIALIZED_AUTOS = YES_AGGRESSIVE;
				GCC_WARN_UNUSED_FUNCTION = YES;
				GCC_WARN_UNUSED_VARIABLE = YES;
				IPHONEOS_DEPLOYMENT_TARGET = 8.1;
				MTL_ENABLE_DEBUG_INFO = NO;
				SDKROOT = iphoneos;
				VALIDATE_PRODUCT = YES;
			};
			name = Release;
		};
		627B3E6B1A89623500B3438A /* Debug */ = {
			isa = XCBuildConfiguration;
			buildSettings = {
				ASSETCATALOG_COMPILER_APPICON_NAME = AppIcon;
				CLANG_ENABLE_MODULES = YES;
				CODE_SIGN_IDENTITY = "iPhone Developer";
				FRAMEWORK_SEARCH_PATHS = (
					"$(inherited)",
					"$(PROJECT_DIR)",
				);
				INFOPLIST_FILE = ChargeMe/Info.plist;
				IPHONEOS_DEPLOYMENT_TARGET = 8.0;
				LD_RUNPATH_SEARCH_PATHS = "$(inherited) @executable_path/Frameworks";
				LIBRARY_SEARCH_PATHS = (
					"$(inherited)",
					"$(PROJECT_DIR)/CrittercismSDK",
					"$(PROJECT_DIR)/PayPalMobile",
				);
				OTHER_LDFLAGS = (
					"-ObjC",
					"-lc++",
				);
				PRODUCT_NAME = "$(TARGET_NAME)";
				SWIFT_OBJC_BRIDGING_HEADER = "ChargeMe/ChargeMe-Bridging-Header.h";
				SWIFT_OPTIMIZATION_LEVEL = "-Onone";
			};
			name = Debug;
		};
		627B3E6C1A89623500B3438A /* Release */ = {
			isa = XCBuildConfiguration;
			buildSettings = {
				ASSETCATALOG_COMPILER_APPICON_NAME = AppIcon;
				CLANG_ENABLE_MODULES = YES;
				CODE_SIGN_IDENTITY = "iPhone Developer";
				FRAMEWORK_SEARCH_PATHS = (
					"$(inherited)",
					"$(PROJECT_DIR)",
				);
				INFOPLIST_FILE = ChargeMe/Info.plist;
				IPHONEOS_DEPLOYMENT_TARGET = 8.0;
				LD_RUNPATH_SEARCH_PATHS = "$(inherited) @executable_path/Frameworks";
				LIBRARY_SEARCH_PATHS = (
					"$(inherited)",
					"$(PROJECT_DIR)/CrittercismSDK",
					"$(PROJECT_DIR)/PayPalMobile",
				);
				OTHER_LDFLAGS = (
					"-ObjC",
					"-lc++",
				);
				PRODUCT_NAME = "$(TARGET_NAME)";
				SWIFT_OBJC_BRIDGING_HEADER = "ChargeMe/ChargeMe-Bridging-Header.h";
			};
			name = Release;
		};
		627B3E6E1A89623500B3438A /* Debug */ = {
			isa = XCBuildConfiguration;
			buildSettings = {
				BUNDLE_LOADER = "$(TEST_HOST)";
				FRAMEWORK_SEARCH_PATHS = (
					"$(SDKROOT)/Developer/Library/Frameworks",
					"$(inherited)",
				);
				GCC_PREPROCESSOR_DEFINITIONS = (
					"DEBUG=1",
					"$(inherited)",
				);
				INFOPLIST_FILE = ChargeMeTests/Info.plist;
				LD_RUNPATH_SEARCH_PATHS = "$(inherited) @executable_path/Frameworks @loader_path/Frameworks";
				PRODUCT_NAME = "$(TARGET_NAME)";
				TEST_HOST = "$(BUILT_PRODUCTS_DIR)/ChargeMe.app/ChargeMe";
			};
			name = Debug;
		};
		627B3E6F1A89623500B3438A /* Release */ = {
			isa = XCBuildConfiguration;
			buildSettings = {
				BUNDLE_LOADER = "$(TEST_HOST)";
				FRAMEWORK_SEARCH_PATHS = (
					"$(SDKROOT)/Developer/Library/Frameworks",
					"$(inherited)",
				);
				INFOPLIST_FILE = ChargeMeTests/Info.plist;
				LD_RUNPATH_SEARCH_PATHS = "$(inherited) @executable_path/Frameworks @loader_path/Frameworks";
				PRODUCT_NAME = "$(TARGET_NAME)";
				TEST_HOST = "$(BUILT_PRODUCTS_DIR)/ChargeMe.app/ChargeMe";
			};
			name = Release;
		};
/* End XCBuildConfiguration section */

/* Begin XCConfigurationList section */
		627B3E3F1A89623500B3438A /* Build configuration list for PBXProject "ChargeMe" */ = {
			isa = XCConfigurationList;
			buildConfigurations = (
				627B3E681A89623500B3438A /* Debug */,
				627B3E691A89623500B3438A /* Release */,
			);
			defaultConfigurationIsVisible = 0;
			defaultConfigurationName = Release;
		};
		627B3E6A1A89623500B3438A /* Build configuration list for PBXNativeTarget "ChargeMe" */ = {
			isa = XCConfigurationList;
			buildConfigurations = (
				627B3E6B1A89623500B3438A /* Debug */,
				627B3E6C1A89623500B3438A /* Release */,
			);
			defaultConfigurationIsVisible = 0;
			defaultConfigurationName = Release;
		};
		627B3E6D1A89623500B3438A /* Build configuration list for PBXNativeTarget "ChargeMeTests" */ = {
			isa = XCConfigurationList;
			buildConfigurations = (
				627B3E6E1A89623500B3438A /* Debug */,
				627B3E6F1A89623500B3438A /* Release */,
			);
			defaultConfigurationIsVisible = 0;
			defaultConfigurationName = Release;
		};
/* End XCConfigurationList section */

/* Begin XCVersionGroup section */
		627B3E4E1A89623500B3438A /* ChargeMe.xcdatamodeld */ = {
			isa = XCVersionGroup;
			children = (
				627B3E4F1A89623500B3438A /* ChargeMe.xcdatamodel */,
			);
			currentVersion = 627B3E4F1A89623500B3438A /* ChargeMe.xcdatamodel */;
			path = ChargeMe.xcdatamodeld;
			sourceTree = "<group>";
			versionGroupType = wrapper.xcdatamodel;
		};
/* End XCVersionGroup section */
	};
	rootObject = 627B3E3C1A89623500B3438A /* Project object */;
}
