// !$*UTF8*$!
{
	archiveVersion = 1;
	classes = {
	};
	objectVersion = 46;
	objects = {

/* Begin PBXBuildFile section */
		627B3E4A1A89623500B3438A /* main.m in Sources */ = {isa = PBXBuildFile; fileRef = 627B3E491A89623500B3438A /* main.m */; };
		627B3E4D1A89623500B3438A /* AppDelegate.m in Sources */ = {isa = PBXBuildFile; fileRef = 627B3E4C1A89623500B3438A /* AppDelegate.m */; };
		627B3E501A89623500B3438A /* ChargeMe.xcdatamodeld in Sources */ = {isa = PBXBuildFile; fileRef = 627B3E4E1A89623500B3438A /* ChargeMe.xcdatamodeld */; };
		627B3E531A89623500B3438A /* HomeViewController.m in Sources */ = {isa = PBXBuildFile; fileRef = 627B3E521A89623500B3438A /* HomeViewController.m */; };
		627B3E561A89623500B3438A /* Main.storyboard in Resources */ = {isa = PBXBuildFile; fileRef = 627B3E541A89623500B3438A /* Main.storyboard */; };
		627B3E581A89623500B3438A /* Images.xcassets in Resources */ = {isa = PBXBuildFile; fileRef = 627B3E571A89623500B3438A /* Images.xcassets */; };
		627B3E5B1A89623500B3438A /* LaunchScreen.xib in Resources */ = {isa = PBXBuildFile; fileRef = 627B3E591A89623500B3438A /* LaunchScreen.xib */; };
		627B3E671A89623500B3438A /* ChargeMeTests.m in Sources */ = {isa = PBXBuildFile; fileRef = 627B3E661A89623500B3438A /* ChargeMeTests.m */; };
		627B3E801A8AB03700B3438A /* AudioToolbox.framework in Frameworks */ = {isa = PBXBuildFile; fileRef = 627B3E7F1A8AB03700B3438A /* AudioToolbox.framework */; };
		627B3E821A8AB03C00B3438A /* Accounts.framework in Frameworks */ = {isa = PBXBuildFile; fileRef = 627B3E811A8AB03C00B3438A /* Accounts.framework */; };
		627B3E841A8AB04100B3438A /* AdSupport.framework in Frameworks */ = {isa = PBXBuildFile; fileRef = 627B3E831A8AB04100B3438A /* AdSupport.framework */; };
		627B3E861A8AB04500B3438A /* CFNetwork.framework in Frameworks */ = {isa = PBXBuildFile; fileRef = 627B3E851A8AB04500B3438A /* CFNetwork.framework */; };
		627B3E881A8AB05100B3438A /* CoreGraphics.framework in Frameworks */ = {isa = PBXBuildFile; fileRef = 627B3E871A8AB05100B3438A /* CoreGraphics.framework */; };
		627B3E8A1A8AB05700B3438A /* CoreLocation.framework in Frameworks */ = {isa = PBXBuildFile; fileRef = 627B3E891A8AB05700B3438A /* CoreLocation.framework */; };
		627B3E8C1A8AB06800B3438A /* libsqlite3.dylib in Frameworks */ = {isa = PBXBuildFile; fileRef = 627B3E8B1A8AB06800B3438A /* libsqlite3.dylib */; };
		627B3E8E1A8AB06E00B3438A /* libz.1.1.3.dylib in Frameworks */ = {isa = PBXBuildFile; fileRef = 627B3E8D1A8AB06E00B3438A /* libz.1.1.3.dylib */; };
		627B3E901A8AB07400B3438A /* MobileCoreServices.framework in Frameworks */ = {isa = PBXBuildFile; fileRef = 627B3E8F1A8AB07400B3438A /* MobileCoreServices.framework */; };
		627B3E921A8AB07900B3438A /* QuartzCore.framework in Frameworks */ = {isa = PBXBuildFile; fileRef = 627B3E911A8AB07900B3438A /* QuartzCore.framework */; };
		627B3E941A8AB07F00B3438A /* Security.framework in Frameworks */ = {isa = PBXBuildFile; fileRef = 627B3E931A8AB07F00B3438A /* Security.framework */; };
		627B3E961A8AB08400B3438A /* Social.framework in Frameworks */ = {isa = PBXBuildFile; fileRef = 627B3E951A8AB08400B3438A /* Social.framework */; };
		627B3E981A8AB08900B3438A /* StoreKit.framework in Frameworks */ = {isa = PBXBuildFile; fileRef = 627B3E971A8AB08900B3438A /* StoreKit.framework */; };
		627B3E9A1A8AB09100B3438A /* SystemConfiguration.framework in Frameworks */ = {isa = PBXBuildFile; fileRef = 627B3E991A8AB09100B3438A /* SystemConfiguration.framework */; };
		627B3E9C1A8AB09600B3438A /* UIKit.framework in Frameworks */ = {isa = PBXBuildFile; fileRef = 627B3E9B1A8AB09600B3438A /* UIKit.framework */; };
		627B3E9E1A8AB09C00B3438A /* Foundation.framework in Frameworks */ = {isa = PBXBuildFile; fileRef = 627B3E9D1A8AB09C00B3438A /* Foundation.framework */; };
		627B3EAD1A8AB41100B3438A /* LoginViewController.m in Sources */ = {isa = PBXBuildFile; fileRef = 627B3EAC1A8AB41100B3438A /* LoginViewController.m */; };
		627B3EB81A8BC9D900B3438A /* Bolts.framework in Frameworks */ = {isa = PBXBuildFile; fileRef = 627B3EB31A8BC9D900B3438A /* Bolts.framework */; };
		627B3EB91A8BC9D900B3438A /* Parse.framework in Frameworks */ = {isa = PBXBuildFile; fileRef = 627B3EB41A8BC9D900B3438A /* Parse.framework */; };
		627B3EBA1A8BC9D900B3438A /* ParseCrashReporting.framework in Frameworks */ = {isa = PBXBuildFile; fileRef = 627B3EB51A8BC9D900B3438A /* ParseCrashReporting.framework */; };
		627B3EBB1A8BC9D900B3438A /* ParseFacebookUtils.framework in Frameworks */ = {isa = PBXBuildFile; fileRef = 627B3EB61A8BC9D900B3438A /* ParseFacebookUtils.framework */; };
		627B3EBC1A8BC9D900B3438A /* ParseUI.framework in Frameworks */ = {isa = PBXBuildFile; fileRef = 627B3EB71A8BC9D900B3438A /* ParseUI.framework */; };
		627B3ECC1A8BDBB200B3438A /* SWRevealViewController.m in Sources */ = {isa = PBXBuildFile; fileRef = 627B3ECB1A8BDBB200B3438A /* SWRevealViewController.m */; };
		627B3ECF1A8BE04B00B3438A /* NavViewController.m in Sources */ = {isa = PBXBuildFile; fileRef = 627B3ECE1A8BE04B00B3438A /* NavViewController.m */; };
		627B3ED21A8BF28900B3438A /* ProfileViewController.m in Sources */ = {isa = PBXBuildFile; fileRef = 627B3ED11A8BF28900B3438A /* ProfileViewController.m */; };
		627B3ED51A8C03F300B3438A /* PromotionsViewController.m in Sources */ = {isa = PBXBuildFile; fileRef = 627B3ED41A8C03F300B3438A /* PromotionsViewController.m */; };
		627B3ED81A8C03FF00B3438A /* ShareViewController.m in Sources */ = {isa = PBXBuildFile; fileRef = 627B3ED71A8C03FF00B3438A /* ShareViewController.m */; };
		627B3EDB1A8C059100B3438A /* CustomProfileCollectionViewCell.m in Sources */ = {isa = PBXBuildFile; fileRef = 627B3EDA1A8C059100B3438A /* CustomProfileCollectionViewCell.m */; };
		62850D6B1A8C1AB40076739F /* ProfileShareViewController.m in Sources */ = {isa = PBXBuildFile; fileRef = 62850D6A1A8C1AB40076739F /* ProfileShareViewController.m */; };
/* End PBXBuildFile section */

/* Begin PBXContainerItemProxy section */
		627B3E611A89623500B3438A /* PBXContainerItemProxy */ = {
			isa = PBXContainerItemProxy;
			containerPortal = 627B3E3C1A89623500B3438A /* Project object */;
			proxyType = 1;
			remoteGlobalIDString = 627B3E431A89623500B3438A;
			remoteInfo = ChargeMe;
		};
/* End PBXContainerItemProxy section */

/* Begin PBXFileReference section */
		627B3E441A89623500B3438A /* ChargeMe.app */ = {isa = PBXFileReference; explicitFileType = wrapper.application; includeInIndex = 0; path = ChargeMe.app; sourceTree = BUILT_PRODUCTS_DIR; };
		627B3E481A89623500B3438A /* Info.plist */ = {isa = PBXFileReference; lastKnownFileType = text.plist.xml; path = Info.plist; sourceTree = "<group>"; };
		627B3E491A89623500B3438A /* main.m */ = {isa = PBXFileReference; lastKnownFileType = sourcecode.c.objc; path = main.m; sourceTree = "<group>"; };
		627B3E4B1A89623500B3438A /* AppDelegate.h */ = {isa = PBXFileReference; lastKnownFileType = sourcecode.c.h; path = AppDelegate.h; sourceTree = "<group>"; };
		627B3E4C1A89623500B3438A /* AppDelegate.m */ = {isa = PBXFileReference; lastKnownFileType = sourcecode.c.objc; path = AppDelegate.m; sourceTree = "<group>"; };
		627B3E4F1A89623500B3438A /* ChargeMe.xcdatamodel */ = {isa = PBXFileReference; lastKnownFileType = wrapper.xcdatamodel; path = ChargeMe.xcdatamodel; sourceTree = "<group>"; };
		627B3E511A89623500B3438A /* HomeViewController.h */ = {isa = PBXFileReference; lastKnownFileType = sourcecode.c.h; path = HomeViewController.h; sourceTree = "<group>"; };
		627B3E521A89623500B3438A /* HomeViewController.m */ = {isa = PBXFileReference; lastKnownFileType = sourcecode.c.objc; path = HomeViewController.m; sourceTree = "<group>"; };
		627B3E551A89623500B3438A /* Base */ = {isa = PBXFileReference; lastKnownFileType = file.storyboard; name = Base; path = Base.lproj/Main.storyboard; sourceTree = "<group>"; };
		627B3E571A89623500B3438A /* Images.xcassets */ = {isa = PBXFileReference; lastKnownFileType = folder.assetcatalog; path = Images.xcassets; sourceTree = "<group>"; };
		627B3E5A1A89623500B3438A /* Base */ = {isa = PBXFileReference; lastKnownFileType = file.xib; name = Base; path = Base.lproj/LaunchScreen.xib; sourceTree = "<group>"; };
		627B3E601A89623500B3438A /* ChargeMeTests.xctest */ = {isa = PBXFileReference; explicitFileType = wrapper.cfbundle; includeInIndex = 0; path = ChargeMeTests.xctest; sourceTree = BUILT_PRODUCTS_DIR; };
		627B3E651A89623500B3438A /* Info.plist */ = {isa = PBXFileReference; lastKnownFileType = text.plist.xml; path = Info.plist; sourceTree = "<group>"; };
		627B3E661A89623500B3438A /* ChargeMeTests.m */ = {isa = PBXFileReference; lastKnownFileType = sourcecode.c.objc; path = ChargeMeTests.m; sourceTree = "<group>"; };
		627B3E7F1A8AB03700B3438A /* AudioToolbox.framework */ = {isa = PBXFileReference; lastKnownFileType = wrapper.framework; name = AudioToolbox.framework; path = System/Library/Frameworks/AudioToolbox.framework; sourceTree = SDKROOT; };
		627B3E811A8AB03C00B3438A /* Accounts.framework */ = {isa = PBXFileReference; lastKnownFileType = wrapper.framework; name = Accounts.framework; path = System/Library/Frameworks/Accounts.framework; sourceTree = SDKROOT; };
		627B3E831A8AB04100B3438A /* AdSupport.framework */ = {isa = PBXFileReference; lastKnownFileType = wrapper.framework; name = AdSupport.framework; path = System/Library/Frameworks/AdSupport.framework; sourceTree = SDKROOT; };
		627B3E851A8AB04500B3438A /* CFNetwork.framework */ = {isa = PBXFileReference; lastKnownFileType = wrapper.framework; name = CFNetwork.framework; path = System/Library/Frameworks/CFNetwork.framework; sourceTree = SDKROOT; };
		627B3E871A8AB05100B3438A /* CoreGraphics.framework */ = {isa = PBXFileReference; lastKnownFileType = wrapper.framework; name = CoreGraphics.framework; path = System/Library/Frameworks/CoreGraphics.framework; sourceTree = SDKROOT; };
		627B3E891A8AB05700B3438A /* CoreLocation.framework */ = {isa = PBXFileReference; lastKnownFileType = wrapper.framework; name = CoreLocation.framework; path = System/Library/Frameworks/CoreLocation.framework; sourceTree = SDKROOT; };
		627B3E8B1A8AB06800B3438A /* libsqlite3.dylib */ = {isa = PBXFileReference; lastKnownFileType = "compiled.mach-o.dylib"; name = libsqlite3.dylib; path = usr/lib/libsqlite3.dylib; sourceTree = SDKROOT; };
		627B3E8D1A8AB06E00B3438A /* libz.1.1.3.dylib */ = {isa = PBXFileReference; lastKnownFileType = "compiled.mach-o.dylib"; name = libz.1.1.3.dylib; path = usr/lib/libz.1.1.3.dylib; sourceTree = SDKROOT; };
		627B3E8F1A8AB07400B3438A /* MobileCoreServices.framework */ = {isa = PBXFileReference; lastKnownFileType = wrapper.framework; name = MobileCoreServices.framework; path = System/Library/Frameworks/MobileCoreServices.framework; sourceTree = SDKROOT; };
		627B3E911A8AB07900B3438A /* QuartzCore.framework */ = {isa = PBXFileReference; lastKnownFileType = wrapper.framework; name = QuartzCore.framework; path = System/Library/Frameworks/QuartzCore.framework; sourceTree = SDKROOT; };
		627B3E931A8AB07F00B3438A /* Security.framework */ = {isa = PBXFileReference; lastKnownFileType = wrapper.framework; name = Security.framework; path = System/Library/Frameworks/Security.framework; sourceTree = SDKROOT; };
		627B3E951A8AB08400B3438A /* Social.framework */ = {isa = PBXFileReference; lastKnownFileType = wrapper.framework; name = Social.framework; path = System/Library/Frameworks/Social.framework; sourceTree = SDKROOT; };
		627B3E971A8AB08900B3438A /* StoreKit.framework */ = {isa = PBXFileReference; lastKnownFileType = wrapper.framework; name = StoreKit.framework; path = System/Library/Frameworks/StoreKit.framework; sourceTree = SDKROOT; };
		627B3E991A8AB09100B3438A /* SystemConfiguration.framework */ = {isa = PBXFileReference; lastKnownFileType = wrapper.framework; name = SystemConfiguration.framework; path = System/Library/Frameworks/SystemConfiguration.framework; sourceTree = SDKROOT; };
		627B3E9B1A8AB09600B3438A /* UIKit.framework */ = {isa = PBXFileReference; lastKnownFileType = wrapper.framework; name = UIKit.framework; path = System/Library/Frameworks/UIKit.framework; sourceTree = SDKROOT; };
		627B3E9D1A8AB09C00B3438A /* Foundation.framework */ = {isa = PBXFileReference; lastKnownFileType = wrapper.framework; name = Foundation.framework; path = System/Library/Frameworks/Foundation.framework; sourceTree = SDKROOT; };
		627B3EAB1A8AB41100B3438A /* LoginViewController.h */ = {isa = PBXFileReference; fileEncoding = 4; lastKnownFileType = sourcecode.c.h; path = LoginViewController.h; sourceTree = "<group>"; };
		627B3EAC1A8AB41100B3438A /* LoginViewController.m */ = {isa = PBXFileReference; fileEncoding = 4; lastKnownFileType = sourcecode.c.objc; path = LoginViewController.m; sourceTree = "<group>"; };
		627B3EB31A8BC9D900B3438A /* Bolts.framework */ = {isa = PBXFileReference; lastKnownFileType = wrapper.framework; path = Bolts.framework; sourceTree = "<group>"; };
		627B3EB41A8BC9D900B3438A /* Parse.framework */ = {isa = PBXFileReference; lastKnownFileType = wrapper.framework; path = Parse.framework; sourceTree = "<group>"; };
		627B3EB51A8BC9D900B3438A /* ParseCrashReporting.framework */ = {isa = PBXFileReference; lastKnownFileType = wrapper.framework; path = ParseCrashReporting.framework; sourceTree = "<group>"; };
		627B3EB61A8BC9D900B3438A /* ParseFacebookUtils.framework */ = {isa = PBXFileReference; lastKnownFileType = wrapper.framework; path = ParseFacebookUtils.framework; sourceTree = "<group>"; };
		627B3EB71A8BC9D900B3438A /* ParseUI.framework */ = {isa = PBXFileReference; lastKnownFileType = wrapper.framework; path = ParseUI.framework; sourceTree = "<group>"; };
		627B3ECA1A8BDBB200B3438A /* SWRevealViewController.h */ = {isa = PBXFileReference; fileEncoding = 4; lastKnownFileType = sourcecode.c.h; path = SWRevealViewController.h; sourceTree = "<group>"; };
		627B3ECB1A8BDBB200B3438A /* SWRevealViewController.m */ = {isa = PBXFileReference; fileEncoding = 4; lastKnownFileType = sourcecode.c.objc; path = SWRevealViewController.m; sourceTree = "<group>"; };
		627B3ECD1A8BE04B00B3438A /* NavViewController.h */ = {isa = PBXFileReference; fileEncoding = 4; lastKnownFileType = sourcecode.c.h; path = NavViewController.h; sourceTree = "<group>"; };
		627B3ECE1A8BE04B00B3438A /* NavViewController.m */ = {isa = PBXFileReference; fileEncoding = 4; lastKnownFileType = sourcecode.c.objc; path = NavViewController.m; sourceTree = "<group>"; };
		627B3ED01A8BF28900B3438A /* ProfileViewController.h */ = {isa = PBXFileReference; fileEncoding = 4; lastKnownFileType = sourcecode.c.h; path = ProfileViewController.h; sourceTree = "<group>"; };
		627B3ED11A8BF28900B3438A /* ProfileViewController.m */ = {isa = PBXFileReference; fileEncoding = 4; lastKnownFileType = sourcecode.c.objc; path = ProfileViewController.m; sourceTree = "<group>"; };
		627B3ED31A8C03F300B3438A /* PromotionsViewController.h */ = {isa = PBXFileReference; fileEncoding = 4; lastKnownFileType = sourcecode.c.h; path = PromotionsViewController.h; sourceTree = "<group>"; };
		627B3ED41A8C03F300B3438A /* PromotionsViewController.m */ = {isa = PBXFileReference; fileEncoding = 4; lastKnownFileType = sourcecode.c.objc; path = PromotionsViewController.m; sourceTree = "<group>"; };
		627B3ED61A8C03FF00B3438A /* ShareViewController.h */ = {isa = PBXFileReference; fileEncoding = 4; lastKnownFileType = sourcecode.c.h; path = ShareViewController.h; sourceTree = "<group>"; };
		627B3ED71A8C03FF00B3438A /* ShareViewController.m */ = {isa = PBXFileReference; fileEncoding = 4; lastKnownFileType = sourcecode.c.objc; path = ShareViewController.m; sourceTree = "<group>"; };
		627B3ED91A8C059100B3438A /* CustomProfileCollectionViewCell.h */ = {isa = PBXFileReference; fileEncoding = 4; lastKnownFileType = sourcecode.c.h; path = CustomProfileCollectionViewCell.h; sourceTree = "<group>"; };
		627B3EDA1A8C059100B3438A /* CustomProfileCollectionViewCell.m */ = {isa = PBXFileReference; fileEncoding = 4; lastKnownFileType = sourcecode.c.objc; path = CustomProfileCollectionViewCell.m; sourceTree = "<group>"; };
		62850D691A8C1AB40076739F /* ProfileShareViewController.h */ = {isa = PBXFileReference; fileEncoding = 4; lastKnownFileType = sourcecode.c.h; path = ProfileShareViewController.h; sourceTree = "<group>"; };
		62850D6A1A8C1AB40076739F /* ProfileShareViewController.m */ = {isa = PBXFileReference; fileEncoding = 4; lastKnownFileType = sourcecode.c.objc; path = ProfileShareViewController.m; sourceTree = "<group>"; };
/* End PBXFileReference section */

/* Begin PBXFrameworksBuildPhase section */
		627B3E411A89623500B3438A /* Frameworks */ = {
			isa = PBXFrameworksBuildPhase;
			buildActionMask = 2147483647;
			files = (
				627B3E9E1A8AB09C00B3438A /* Foundation.framework in Frameworks */,
				627B3E9C1A8AB09600B3438A /* UIKit.framework in Frameworks */,
				627B3E9A1A8AB09100B3438A /* SystemConfiguration.framework in Frameworks */,
				627B3E981A8AB08900B3438A /* StoreKit.framework in Frameworks */,
				627B3E961A8AB08400B3438A /* Social.framework in Frameworks */,
				627B3E941A8AB07F00B3438A /* Security.framework in Frameworks */,
				627B3E921A8AB07900B3438A /* QuartzCore.framework in Frameworks */,
				627B3E901A8AB07400B3438A /* MobileCoreServices.framework in Frameworks */,
				627B3E8E1A8AB06E00B3438A /* libz.1.1.3.dylib in Frameworks */,
				627B3EBC1A8BC9D900B3438A /* ParseUI.framework in Frameworks */,
				627B3E8C1A8AB06800B3438A /* libsqlite3.dylib in Frameworks */,
				627B3EBA1A8BC9D900B3438A /* ParseCrashReporting.framework in Frameworks */,
				627B3EB91A8BC9D900B3438A /* Parse.framework in Frameworks */,
				627B3E8A1A8AB05700B3438A /* CoreLocation.framework in Frameworks */,
				627B3E881A8AB05100B3438A /* CoreGraphics.framework in Frameworks */,
				627B3EB81A8BC9D900B3438A /* Bolts.framework in Frameworks */,
				627B3E861A8AB04500B3438A /* CFNetwork.framework in Frameworks */,
				627B3E841A8AB04100B3438A /* AdSupport.framework in Frameworks */,
				627B3E821A8AB03C00B3438A /* Accounts.framework in Frameworks */,
				627B3EBB1A8BC9D900B3438A /* ParseFacebookUtils.framework in Frameworks */,
				627B3E801A8AB03700B3438A /* AudioToolbox.framework in Frameworks */,
			);
			runOnlyForDeploymentPostprocessing = 0;
		};
		627B3E5D1A89623500B3438A /* Frameworks */ = {
			isa = PBXFrameworksBuildPhase;
			buildActionMask = 2147483647;
			files = (
			);
			runOnlyForDeploymentPostprocessing = 0;
		};
/* End PBXFrameworksBuildPhase section */

/* Begin PBXGroup section */
		627B3E3B1A89623500B3438A = {
			isa = PBXGroup;
			children = (
				627B3E9F1A8AB0D400B3438A /* frameworks */,
				627B3E461A89623500B3438A /* ChargeMe */,
				627B3E631A89623500B3438A /* ChargeMeTests */,
				627B3E451A89623500B3438A /* Products */,
			);
			sourceTree = "<group>";
		};
		627B3E451A89623500B3438A /* Products */ = {
			isa = PBXGroup;
			children = (
				627B3E441A89623500B3438A /* ChargeMe.app */,
				627B3E601A89623500B3438A /* ChargeMeTests.xctest */,
			);
			name = Products;
			sourceTree = "<group>";
		};
		627B3E461A89623500B3438A /* ChargeMe */ = {
			isa = PBXGroup;
			children = (
				627B3E4B1A89623500B3438A /* AppDelegate.h */,
				627B3E4C1A89623500B3438A /* AppDelegate.m */,
				627B3E571A89623500B3438A /* Images.xcassets */,
				627B3EDE1A8C05CA00B3438A /* Objects */,
				627B3EDD1A8C05BD00B3438A /* Storyboard */,
				627B3EDC1A8C059B00B3438A /* ViewControllers */,
				627B3E591A89623500B3438A /* LaunchScreen.xib */,
				627B3E4E1A89623500B3438A /* ChargeMe.xcdatamodeld */,
				627B3E471A89623500B3438A /* Supporting Files */,
			);
			path = ChargeMe;
			sourceTree = "<group>";
		};
		627B3E471A89623500B3438A /* Supporting Files */ = {
			isa = PBXGroup;
			children = (
				627B3EC81A8BDBB200B3438A /* SlideOutMenu-Beginning */,
				627B3E481A89623500B3438A /* Info.plist */,
				627B3E491A89623500B3438A /* main.m */,
			);
			name = "Supporting Files";
			sourceTree = "<group>";
		};
		627B3E631A89623500B3438A /* ChargeMeTests */ = {
			isa = PBXGroup;
			children = (
				627B3E661A89623500B3438A /* ChargeMeTests.m */,
				627B3E641A89623500B3438A /* Supporting Files */,
			);
			path = ChargeMeTests;
			sourceTree = "<group>";
		};
		627B3E641A89623500B3438A /* Supporting Files */ = {
			isa = PBXGroup;
			children = (
				627B3E651A89623500B3438A /* Info.plist */,
			);
			name = "Supporting Files";
			sourceTree = "<group>";
		};
		627B3E9F1A8AB0D400B3438A /* frameworks */ = {
			isa = PBXGroup;
			children = (
				627B3EB21A8BC9D900B3438A /* parseFramework */,
				627B3E9D1A8AB09C00B3438A /* Foundation.framework */,
				627B3E9B1A8AB09600B3438A /* UIKit.framework */,
				627B3E991A8AB09100B3438A /* SystemConfiguration.framework */,
				627B3E971A8AB08900B3438A /* StoreKit.framework */,
				627B3E951A8AB08400B3438A /* Social.framework */,
				627B3E911A8AB07900B3438A /* QuartzCore.framework */,
				627B3E8F1A8AB07400B3438A /* MobileCoreServices.framework */,
				627B3E8D1A8AB06E00B3438A /* libz.1.1.3.dylib */,
				627B3E8B1A8AB06800B3438A /* libsqlite3.dylib */,
				627B3E891A8AB05700B3438A /* CoreLocation.framework */,
				627B3E871A8AB05100B3438A /* CoreGraphics.framework */,
				627B3E851A8AB04500B3438A /* CFNetwork.framework */,
				627B3E831A8AB04100B3438A /* AdSupport.framework */,
				627B3E811A8AB03C00B3438A /* Accounts.framework */,
				627B3E7F1A8AB03700B3438A /* AudioToolbox.framework */,
				627B3E931A8AB07F00B3438A /* Security.framework */,
			);
			name = frameworks;
			sourceTree = "<group>";
		};
		627B3EB21A8BC9D900B3438A /* parseFramework */ = {
			isa = PBXGroup;
			children = (
				627B3EB31A8BC9D900B3438A /* Bolts.framework */,
				627B3EB41A8BC9D900B3438A /* Parse.framework */,
				627B3EB51A8BC9D900B3438A /* ParseCrashReporting.framework */,
				627B3EB61A8BC9D900B3438A /* ParseFacebookUtils.framework */,
				627B3EB71A8BC9D900B3438A /* ParseUI.framework */,
			);
			path = parseFramework;
			sourceTree = "<group>";
		};
		627B3EC81A8BDBB200B3438A /* SlideOutMenu-Beginning */ = {
			isa = PBXGroup;
			children = (
				627B3EC91A8BDBB200B3438A /* SlideOutMenuFiles */,
			);
			path = "SlideOutMenu-Beginning";
			sourceTree = "<group>";
		};
		627B3EC91A8BDBB200B3438A /* SlideOutMenuFiles */ = {
			isa = PBXGroup;
			children = (
				627B3ECA1A8BDBB200B3438A /* SWRevealViewController.h */,
				627B3ECB1A8BDBB200B3438A /* SWRevealViewController.m */,
			);
			path = SlideOutMenuFiles;
			sourceTree = "<group>";
		};
		627B3EDC1A8C059B00B3438A /* ViewControllers */ = {
			isa = PBXGroup;
			children = (
				627B3E511A89623500B3438A /* HomeViewController.h */,
				627B3E521A89623500B3438A /* HomeViewController.m */,
				627B3EAB1A8AB41100B3438A /* LoginViewController.h */,
				627B3EAC1A8AB41100B3438A /* LoginViewController.m */,
				627B3ED61A8C03FF00B3438A /* ShareViewController.h */,
				627B3ED71A8C03FF00B3438A /* ShareViewController.m */,
				627B3ED31A8C03F300B3438A /* PromotionsViewController.h */,
				627B3ED41A8C03F300B3438A /* PromotionsViewController.m */,
				62850D691A8C1AB40076739F /* ProfileShareViewController.h */,
				62850D6A1A8C1AB40076739F /* ProfileShareViewController.m */,
				627B3ED01A8BF28900B3438A /* ProfileViewController.h */,
				627B3ED11A8BF28900B3438A /* ProfileViewController.m */,
				627B3ECD1A8BE04B00B3438A /* NavViewController.h */,
				627B3ECE1A8BE04B00B3438A /* NavViewController.m */,
			);
			name = ViewControllers;
			sourceTree = "<group>";
		};
		627B3EDD1A8C05BD00B3438A /* Storyboard */ = {
			isa = PBXGroup;
			children = (
				627B3E541A89623500B3438A /* Main.storyboard */,
			);
			name = Storyboard;
			sourceTree = "<group>";
		};
		627B3EDE1A8C05CA00B3438A /* Objects */ = {
			isa = PBXGroup;
			children = (
				627B3ED91A8C059100B3438A /* CustomProfileCollectionViewCell.h */,
				627B3EDA1A8C059100B3438A /* CustomProfileCollectionViewCell.m */,
			);
			name = Objects;
			sourceTree = "<group>";
		};
/* End PBXGroup section */

/* Begin PBXNativeTarget section */
		627B3E431A89623500B3438A /* ChargeMe */ = {
			isa = PBXNativeTarget;
			buildConfigurationList = 627B3E6A1A89623500B3438A /* Build configuration list for PBXNativeTarget "ChargeMe" */;
			buildPhases = (
				627B3E401A89623500B3438A /* Sources */,
				627B3E411A89623500B3438A /* Frameworks */,
				627B3E421A89623500B3438A /* Resources */,
			);
			buildRules = (
			);
			dependencies = (
			);
			name = ChargeMe;
			productName = ChargeMe;
			productReference = 627B3E441A89623500B3438A /* ChargeMe.app */;
			productType = "com.apple.product-type.application";
		};
		627B3E5F1A89623500B3438A /* ChargeMeTests */ = {
			isa = PBXNativeTarget;
			buildConfigurationList = 627B3E6D1A89623500B3438A /* Build configuration list for PBXNativeTarget "ChargeMeTests" */;
			buildPhases = (
				627B3E5C1A89623500B3438A /* Sources */,
				627B3E5D1A89623500B3438A /* Frameworks */,
				627B3E5E1A89623500B3438A /* Resources */,
			);
			buildRules = (
			);
			dependencies = (
				627B3E621A89623500B3438A /* PBXTargetDependency */,
			);
			name = ChargeMeTests;
			productName = ChargeMeTests;
			productReference = 627B3E601A89623500B3438A /* ChargeMeTests.xctest */;
			productType = "com.apple.product-type.bundle.unit-test";
		};
/* End PBXNativeTarget section */

/* Begin PBXProject section */
		627B3E3C1A89623500B3438A /* Project object */ = {
			isa = PBXProject;
			attributes = {
				LastUpgradeCheck = 0610;
				ORGANIZATIONNAME = "Mary Jenel Myers";
				TargetAttributes = {
					627B3E431A89623500B3438A = {
						CreatedOnToolsVersion = 6.1.1;
					};
					627B3E5F1A89623500B3438A = {
						CreatedOnToolsVersion = 6.1.1;
						TestTargetID = 627B3E431A89623500B3438A;
					};
				};
			};
			buildConfigurationList = 627B3E3F1A89623500B3438A /* Build configuration list for PBXProject "ChargeMe" */;
			compatibilityVersion = "Xcode 3.2";
			developmentRegion = English;
			hasScannedForEncodings = 0;
			knownRegions = (
				en,
				Base,
			);
			mainGroup = 627B3E3B1A89623500B3438A;
			productRefGroup = 627B3E451A89623500B3438A /* Products */;
			projectDirPath = "";
			projectRoot = "";
			targets = (
				627B3E431A89623500B3438A /* ChargeMe */,
				627B3E5F1A89623500B3438A /* ChargeMeTests */,
			);
		};
/* End PBXProject section */

/* Begin PBXResourcesBuildPhase section */
		627B3E421A89623500B3438A /* Resources */ = {
			isa = PBXResourcesBuildPhase;
			buildActionMask = 2147483647;
			files = (
				627B3E561A89623500B3438A /* Main.storyboard in Resources */,
				627B3E5B1A89623500B3438A /* LaunchScreen.xib in Resources */,
				627B3E581A89623500B3438A /* Images.xcassets in Resources */,
			);
			runOnlyForDeploymentPostprocessing = 0;
		};
		627B3E5E1A89623500B3438A /* Resources */ = {
			isa = PBXResourcesBuildPhase;
			buildActionMask = 2147483647;
			files = (
			);
			runOnlyForDeploymentPostprocessing = 0;
		};
/* End PBXResourcesBuildPhase section */

/* Begin PBXSourcesBuildPhase section */
		627B3E401A89623500B3438A /* Sources */ = {
			isa = PBXSourcesBuildPhase;
			buildActionMask = 2147483647;
			files = (
				627B3E501A89623500B3438A /* ChargeMe.xcdatamodeld in Sources */,
				627B3E4D1A89623500B3438A /* AppDelegate.m in Sources */,
				627B3ED21A8BF28900B3438A /* ProfileViewController.m in Sources */,
				627B3ECC1A8BDBB200B3438A /* SWRevealViewController.m in Sources */,
				627B3ECF1A8BE04B00B3438A /* NavViewController.m in Sources */,
				627B3EAD1A8AB41100B3438A /* LoginViewController.m in Sources */,
				627B3ED51A8C03F300B3438A /* PromotionsViewController.m in Sources */,
				627B3E531A89623500B3438A /* HomeViewController.m in Sources */,
				627B3ED81A8C03FF00B3438A /* ShareViewController.m in Sources */,
				627B3E4A1A89623500B3438A /* main.m in Sources */,
				62850D6B1A8C1AB40076739F /* ProfileShareViewController.m in Sources */,
				627B3EDB1A8C059100B3438A /* CustomProfileCollectionViewCell.m in Sources */,
			);
			runOnlyForDeploymentPostprocessing = 0;
		};
		627B3E5C1A89623500B3438A /* Sources */ = {
			isa = PBXSourcesBuildPhase;
			buildActionMask = 2147483647;
			files = (
				627B3E671A89623500B3438A /* ChargeMeTests.m in Sources */,
			);
			runOnlyForDeploymentPostprocessing = 0;
		};
/* End PBXSourcesBuildPhase section */

/* Begin PBXTargetDependency section */
		627B3E621A89623500B3438A /* PBXTargetDependency */ = {
			isa = PBXTargetDependency;
			target = 627B3E431A89623500B3438A /* ChargeMe */;
			targetProxy = 627B3E611A89623500B3438A /* PBXContainerItemProxy */;
		};
/* End PBXTargetDependency section */

/* Begin PBXVariantGroup section */
		627B3E541A89623500B3438A /* Main.storyboard */ = {
			isa = PBXVariantGroup;
			children = (
				627B3E551A89623500B3438A /* Base */,
			);
			name = Main.storyboard;
			sourceTree = "<group>";
		};
		627B3E591A89623500B3438A /* LaunchScreen.xib */ = {
			isa = PBXVariantGroup;
			children = (
				627B3E5A1A89623500B3438A /* Base */,
			);
			name = LaunchScreen.xib;
			sourceTree = "<group>";
		};
/* End PBXVariantGroup section */

/* Begin XCBuildConfiguration section */
		627B3E681A89623500B3438A /* Debug */ = {
			isa = XCBuildConfiguration;
			buildSettings = {
				ALWAYS_SEARCH_USER_PATHS = NO;
				CLANG_CXX_LANGUAGE_STANDARD = "gnu++0x";
				CLANG_CXX_LIBRARY = "libc++";
				CLANG_ENABLE_MODULES = YES;
				CLANG_ENABLE_OBJC_ARC = YES;
				CLANG_WARN_BOOL_CONVERSION = YES;
				CLANG_WARN_CONSTANT_CONVERSION = YES;
				CLANG_WARN_DIRECT_OBJC_ISA_USAGE = YES_ERROR;
				CLANG_WARN_EMPTY_BODY = YES;
				CLANG_WARN_ENUM_CONVERSION = YES;
				CLANG_WARN_INT_CONVERSION = YES;
				CLANG_WARN_OBJC_ROOT_CLASS = YES_ERROR;
				CLANG_WARN_UNREACHABLE_CODE = YES;
				CLANG_WARN__DUPLICATE_METHOD_MATCH = YES;
				"CODE_SIGN_IDENTITY[sdk=iphoneos*]" = "iPhone Developer";
				COPY_PHASE_STRIP = NO;
				ENABLE_STRICT_OBJC_MSGSEND = YES;
				GCC_C_LANGUAGE_STANDARD = gnu99;
				GCC_DYNAMIC_NO_PIC = NO;
				GCC_OPTIMIZATION_LEVEL = 0;
				GCC_PREPROCESSOR_DEFINITIONS = (
					"DEBUG=1",
					"$(inherited)",
				);
				GCC_SYMBOLS_PRIVATE_EXTERN = NO;
				GCC_WARN_64_TO_32_BIT_CONVERSION = YES;
				GCC_WARN_ABOUT_RETURN_TYPE = YES_ERROR;
				GCC_WARN_UNDECLARED_SELECTOR = YES;
				GCC_WARN_UNINITIALIZED_AUTOS = YES_AGGRESSIVE;
				GCC_WARN_UNUSED_FUNCTION = YES;
				GCC_WARN_UNUSED_VARIABLE = YES;
				IPHONEOS_DEPLOYMENT_TARGET = 8.1;
				MTL_ENABLE_DEBUG_INFO = YES;
				ONLY_ACTIVE_ARCH = YES;
				SDKROOT = iphoneos;
			};
			name = Debug;
		};
		627B3E691A89623500B3438A /* Release */ = {
			isa = XCBuildConfiguration;
			buildSettings = {
				ALWAYS_SEARCH_USER_PATHS = NO;
				CLANG_CXX_LANGUAGE_STANDARD = "gnu++0x";
				CLANG_CXX_LIBRARY = "libc++";
				CLANG_ENABLE_MODULES = YES;
				CLANG_ENABLE_OBJC_ARC = YES;
				CLANG_WARN_BOOL_CONVERSION = YES;
				CLANG_WARN_CONSTANT_CONVERSION = YES;
				CLANG_WARN_DIRECT_OBJC_ISA_USAGE = YES_ERROR;
				CLANG_WARN_EMPTY_BODY = YES;
				CLANG_WARN_ENUM_CONVERSION = YES;
				CLANG_WARN_INT_CONVERSION = YES;
				CLANG_WARN_OBJC_ROOT_CLASS = YES_ERROR;
				CLANG_WARN_UNREACHABLE_CODE = YES;
				CLANG_WARN__DUPLICATE_METHOD_MATCH = YES;
				"CODE_SIGN_IDENTITY[sdk=iphoneos*]" = "iPhone Developer";
				COPY_PHASE_STRIP = YES;
				ENABLE_NS_ASSERTIONS = NO;
				ENABLE_STRICT_OBJC_MSGSEND = YES;
				GCC_C_LANGUAGE_STANDARD = gnu99;
				GCC_WARN_64_TO_32_BIT_CONVERSION = YES;
				GCC_WARN_ABOUT_RETURN_TYPE = YES_ERROR;
				GCC_WARN_UNDECLARED_SELECTOR = YES;
				GCC_WARN_UNINITIALIZED_AUTOS = YES_AGGRESSIVE;
				GCC_WARN_UNUSED_FUNCTION = YES;
				GCC_WARN_UNUSED_VARIABLE = YES;
				IPHONEOS_DEPLOYMENT_TARGET = 8.1;
				MTL_ENABLE_DEBUG_INFO = NO;
				SDKROOT = iphoneos;
				VALIDATE_PRODUCT = YES;
			};
			name = Release;
		};
		627B3E6B1A89623500B3438A /* Debug */ = {
			isa = XCBuildConfiguration;
			buildSettings = {
				ASSETCATALOG_COMPILER_APPICON_NAME = AppIcon;
				FRAMEWORK_SEARCH_PATHS = (
					"$(inherited)",
					"$(PROJECT_DIR)/parseFramework",
				);
				INFOPLIST_FILE = ChargeMe/Info.plist;
				LD_RUNPATH_SEARCH_PATHS = "$(inherited) @executable_path/Frameworks";
				PRODUCT_NAME = "$(TARGET_NAME)";
			};
			name = Debug;
		};
		627B3E6C1A89623500B3438A /* Release */ = {
			isa = XCBuildConfiguration;
			buildSettings = {
				ASSETCATALOG_COMPILER_APPICON_NAME = AppIcon;
				FRAMEWORK_SEARCH_PATHS = (
					"$(inherited)",
					"$(PROJECT_DIR)/parseFramework",
				);
				INFOPLIST_FILE = ChargeMe/Info.plist;
				LD_RUNPATH_SEARCH_PATHS = "$(inherited) @executable_path/Frameworks";
				PRODUCT_NAME = "$(TARGET_NAME)";
			};
			name = Release;
		};
		627B3E6E1A89623500B3438A /* Debug */ = {
			isa = XCBuildConfiguration;
			buildSettings = {
				BUNDLE_LOADER = "$(TEST_HOST)";
				FRAMEWORK_SEARCH_PATHS = (
					"$(SDKROOT)/Developer/Library/Frameworks",
					"$(inherited)",
				);
				GCC_PREPROCESSOR_DEFINITIONS = (
					"DEBUG=1",
					"$(inherited)",
				);
				INFOPLIST_FILE = ChargeMeTests/Info.plist;
				LD_RUNPATH_SEARCH_PATHS = "$(inherited) @executable_path/Frameworks @loader_path/Frameworks";
				PRODUCT_NAME = "$(TARGET_NAME)";
				TEST_HOST = "$(BUILT_PRODUCTS_DIR)/ChargeMe.app/ChargeMe";
			};
			name = Debug;
		};
		627B3E6F1A89623500B3438A /* Release */ = {
			isa = XCBuildConfiguration;
			buildSettings = {
				BUNDLE_LOADER = "$(TEST_HOST)";
				FRAMEWORK_SEARCH_PATHS = (
					"$(SDKROOT)/Developer/Library/Frameworks",
					"$(inherited)",
				);
				INFOPLIST_FILE = ChargeMeTests/Info.plist;
				LD_RUNPATH_SEARCH_PATHS = "$(inherited) @executable_path/Frameworks @loader_path/Frameworks";
				PRODUCT_NAME = "$(TARGET_NAME)";
				TEST_HOST = "$(BUILT_PRODUCTS_DIR)/ChargeMe.app/ChargeMe";
			};
			name = Release;
		};
/* End XCBuildConfiguration section */

/* Begin XCConfigurationList section */
		627B3E3F1A89623500B3438A /* Build configuration list for PBXProject "ChargeMe" */ = {
			isa = XCConfigurationList;
			buildConfigurations = (
				627B3E681A89623500B3438A /* Debug */,
				627B3E691A89623500B3438A /* Release */,
			);
			defaultConfigurationIsVisible = 0;
			defaultConfigurationName = Release;
		};
		627B3E6A1A89623500B3438A /* Build configuration list for PBXNativeTarget "ChargeMe" */ = {
			isa = XCConfigurationList;
			buildConfigurations = (
				627B3E6B1A89623500B3438A /* Debug */,
				627B3E6C1A89623500B3438A /* Release */,
			);
			defaultConfigurationIsVisible = 0;
			defaultConfigurationName = Release;
		};
		627B3E6D1A89623500B3438A /* Build configuration list for PBXNativeTarget "ChargeMeTests" */ = {
			isa = XCConfigurationList;
			buildConfigurations = (
				627B3E6E1A89623500B3438A /* Debug */,
				627B3E6F1A89623500B3438A /* Release */,
			);
			defaultConfigurationIsVisible = 0;
			defaultConfigurationName = Release;
		};
/* End XCConfigurationList section */

/* Begin XCVersionGroup section */
		627B3E4E1A89623500B3438A /* ChargeMe.xcdatamodeld */ = {
			isa = XCVersionGroup;
			children = (
				627B3E4F1A89623500B3438A /* ChargeMe.xcdatamodel */,
			);
			currentVersion = 627B3E4F1A89623500B3438A /* ChargeMe.xcdatamodel */;
			path = ChargeMe.xcdatamodeld;
			sourceTree = "<group>";
			versionGroupType = wrapper.xcdatamodel;
		};
/* End XCVersionGroup section */
	};
	rootObject = 627B3E3C1A89623500B3438A /* Project object */;
}
